{
  "requires": true,
  "lockfileVersion": 1,
  "dependencies": {
    "svelte-infinite-loading": {
      "version": "1.3.8",
      "resolved": "https://registry.npmjs.org/svelte-infinite-loading/-/svelte-infinite-loading-1.3.8.tgz",
      "integrity": "sha512-hn4o848LKd2Q+M11hiMWnfFxM1GHKVDi92HPZ1FYvfed4bEeRZL+QvFAQzhy1SACq6Si0CAJcQFUZpIYmAEnpQ=="
    },
    "svelte-infinite-scroll": {
      "version": "2.0.1",
      "resolved": "https://registry.npmjs.org/svelte-infinite-scroll/-/svelte-infinite-scroll-2.0.1.tgz",
      "integrity": "sha512-goTHCfOHRDCs8C5MeSuIc6LlAQ8zVQ+M4Y3LyvrDjx5rqSSxSrdCuQwIyWYNcO6j6/mnqRro3QB64ClBzfn+Wg=="
    }
  }
}
