{
  "requires": true,
  "lockfileVersion": 1,
  "dependencies": {
    "svelte-infinite-loading": {
      "version": "1.3.8",
      "resolved": "https://registry.npmjs.org/svelte-infinite-loading/-/svelte-infinite-loading-1.3.8.tgz",
      "integrity": "sha512-hn4o848LKd2Q+M11hiMWnfFxM1GHKVDi92HPZ1FYvfed4bEeRZL+QvFAQzhy1SACq6Si0CAJcQFUZpIYmAEnpQ=="
    }
  }
}
