{
  "version": "3",
  "packages": {
    "specifiers": {
      "jsr:@std/assert@1": "jsr:@std/assert@1.0.6",
      "jsr:@std/internal@^1.0.4": "jsr:@std/internal@1.0.4",
      "npm:madr@^4.0.0": "npm:madr@4.0.0"
    },
    "jsr": {
      "@std/assert@1.0.6": {
        "integrity": "1904c05806a25d94fe791d6d883b685c9e2dcd60e4f9fc30f4fc5cf010c72207",
        "dependencies": [
          "jsr:@std/internal@^1.0.4"
        ]
      },
      "@std/internal@1.0.4": {
        "integrity": "62e8e4911527e5e4f307741a795c0b0a9e6958d0b3790716ae71ce085f755422"
      }
    },
    "npm": {
      "madr@4.0.0": {
        "integrity": "sha512-N4HnSmgW1ouQLlc0XlN8wqrKLzUUPKWIlE1b/sE8fdGdB9dOcb17FZVyEgYgFwD2TWxQBQqem8rWnqooy/rAyw==",
        "dependencies": {}
      }
    }
  },
  "remote": {},
  "workspace": {
    "dependencies": [
      "jsr:@std/assert@1",
      "npm:madr@^4.0.0"
    ]
  }
}
