{
  "lockfile-version": 1,
  "manifest": {
    "version": 1,
    "install": {
      "bun": {
        "pkg-path": "bun"
      },
      "cargo": {
        "pkg-path": "cargo"
      },
      "deno": {
        "pkg-path": "deno"
      },
      "flyctl": {
        "pkg-path": "flyctl"
      },
      "nodejs": {
        "pkg-path": "nodejs"
      },
      "rover": {
        "pkg-path": "rover"
      },
      "sqld": {
        "pkg-path": "sqld"
      },
      "turso-cli": {
        "pkg-path": "turso-cli"
      },
      "wasmer": {
        "flake": "github:NixOS/nixpkgs/nixpkgs-unstable#wasmer"
      }
    },
    "hook": {},
    "profile": {},
    "options": {
      "systems": [
        "aarch64-darwin",
        "aarch64-linux",
        "x86_64-darwin",
        "x86_64-linux"
      ],
      "allow": {
        "licenses": []
      },
      "semver": {}
    }
  },
  "packages": [
    {
      "attr_path": "bun",
      "broken": false,
      "derivation": "/nix/store/p1bccdg63p3srnq3mwyyzdbaqwdih1jm-bun-1.1.29.drv",
      "description": "Incredibly fast JavaScript runtime, bundler, transpiler and package manager – all in one",
      "install_id": "bun",
      "license": "[ MIT, LGPL-2.1-only ]",
      "locked_url": "https://github.com/flox/nixpkgs?rev=30439d93eb8b19861ccbe3e581abf97bdc91b093",
      "name": "bun-1.1.29",
      "pname": "bun",
      "rev": "30439d93eb8b19861ccbe3e581abf97bdc91b093",
      "rev_count": 684846,
      "rev_date": "2024-09-23T20:13:18Z",
      "scrape_date": "2024-09-27T03:18:01Z",
      "stabilities": [
        "stable",
        "staging",
        "unstable"
      ],
      "unfree": false,
      "version": "1.1.29",
      "outputs_to_install": [
        "out"
      ],
      "outputs": {
        "out": "/nix/store/1hn8dddmy3l99x502d0fqz901gfk74px-bun-1.1.29"
      },
      "system": "aarch64-darwin",
      "group": "toplevel",
      "priority": 5
    },
    {
      "attr_path": "bun",
      "broken": false,
      "derivation": "/nix/store/pxpcaagclmmmrh2v980hnw8spfp13bps-bun-1.1.29.drv",
      "description": "Incredibly fast JavaScript runtime, bundler, transpiler and package manager – all in one",
      "install_id": "bun",
      "license": "[ MIT, LGPL-2.1-only ]",
      "locked_url": "https://github.com/flox/nixpkgs?rev=30439d93eb8b19861ccbe3e581abf97bdc91b093",
      "name": "bun-1.1.29",
      "pname": "bun",
      "rev": "30439d93eb8b19861ccbe3e581abf97bdc91b093",
      "rev_count": 684846,
      "rev_date": "2024-09-23T20:13:18Z",
      "scrape_date": "2024-09-27T03:18:01Z",
      "stabilities": [
        "stable",
        "staging",
        "unstable"
      ],
      "unfree": false,
      "version": "1.1.29",
      "outputs_to_install": [
        "out"
      ],
      "outputs": {
        "out": "/nix/store/q1k3hsk9hwsg6xllgd25pb0lrh51ym7z-bun-1.1.29"
      },
      "system": "aarch64-linux",
      "group": "toplevel",
      "priority": 5
    },
    {
      "attr_path": "bun",
      "broken": false,
      "derivation": "/nix/store/722jcrwij2ww0z52cabf8nlh9yqssahb-bun-1.1.29.drv",
      "description": "Incredibly fast JavaScript runtime, bundler, transpiler and package manager – all in one",
      "install_id": "bun",
      "license": "[ MIT, LGPL-2.1-only ]",
      "locked_url": "https://github.com/flox/nixpkgs?rev=30439d93eb8b19861ccbe3e581abf97bdc91b093",
      "name": "bun-1.1.29",
      "pname": "bun",
      "rev": "30439d93eb8b19861ccbe3e581abf97bdc91b093",
      "rev_count": 684846,
      "rev_date": "2024-09-23T20:13:18Z",
      "scrape_date": "2024-09-27T03:18:01Z",
      "stabilities": [
        "stable",
        "staging",
        "unstable"
      ],
      "unfree": false,
      "version": "1.1.29",
      "outputs_to_install": [
        "out"
      ],
      "outputs": {
        "out": "/nix/store/0wi8b58g19k1gpvniyvax2hpb77sp0w6-bun-1.1.29"
      },
      "system": "x86_64-darwin",
      "group": "toplevel",
      "priority": 5
    },
    {
      "attr_path": "bun",
      "broken": false,
      "derivation": "/nix/store/i49bn7fna54b5plf0dway24dl5bnrncj-bun-1.1.29.drv",
      "description": "Incredibly fast JavaScript runtime, bundler, transpiler and package manager – all in one",
      "install_id": "bun",
      "license": "[ MIT, LGPL-2.1-only ]",
      "locked_url": "https://github.com/flox/nixpkgs?rev=30439d93eb8b19861ccbe3e581abf97bdc91b093",
      "name": "bun-1.1.29",
      "pname": "bun",
      "rev": "30439d93eb8b19861ccbe3e581abf97bdc91b093",
      "rev_count": 684846,
      "rev_date": "2024-09-23T20:13:18Z",
      "scrape_date": "2024-09-27T03:18:01Z",
      "stabilities": [
        "stable",
        "staging",
        "unstable"
      ],
      "unfree": false,
      "version": "1.1.29",
      "outputs_to_install": [
        "out"
      ],
      "outputs": {
        "out": "/nix/store/mqzlk40bnhx54by2m4lyyc02syippzad-bun-1.1.29"
      },
      "system": "x86_64-linux",
      "group": "toplevel",
      "priority": 5
    },
    {
      "attr_path": "cargo",
      "broken": false,
      "derivation": "/nix/store/a6j07nsrmnqhv0mm2bbnvnjcfkv3bxpz-cargo-1.80.1.drv",
      "description": "Downloads your Rust project's dependencies and builds your project",
      "install_id": "cargo",
      "license": "[ MIT, Apache-2.0 ]",
      "locked_url": "https://github.com/flox/nixpkgs?rev=30439d93eb8b19861ccbe3e581abf97bdc91b093",
      "name": "cargo-1.80.1",
      "pname": "cargo",
      "rev": "30439d93eb8b19861ccbe3e581abf97bdc91b093",
      "rev_count": 684846,
      "rev_date": "2024-09-23T20:13:18Z",
      "scrape_date": "2024-09-27T03:18:01Z",
      "stabilities": [
        "stable",
        "staging",
        "unstable"
      ],
      "unfree": false,
      "version": "1.80.1",
      "outputs_to_install": [
        "out"
      ],
      "outputs": {
        "out": "/nix/store/idfq37bavykpfahg0q8cpawj90sckagq-cargo-1.80.1"
      },
      "system": "aarch64-darwin",
      "group": "toplevel",
      "priority": 5
    },
    {
      "attr_path": "cargo",
      "broken": false,
      "derivation": "/nix/store/piqkpmwr5m4bn8p0d0j8q94y0bb7yfkw-cargo-1.80.1.drv",
      "description": "Downloads your Rust project's dependencies and builds your project",
      "install_id": "cargo",
      "license": "[ MIT, Apache-2.0 ]",
      "locked_url": "https://github.com/flox/nixpkgs?rev=30439d93eb8b19861ccbe3e581abf97bdc91b093",
      "name": "cargo-1.80.1",
      "pname": "cargo",
      "rev": "30439d93eb8b19861ccbe3e581abf97bdc91b093",
      "rev_count": 684846,
      "rev_date": "2024-09-23T20:13:18Z",
      "scrape_date": "2024-09-27T03:18:01Z",
      "stabilities": [
        "stable",
        "staging",
        "unstable"
      ],
      "unfree": false,
      "version": "1.80.1",
      "outputs_to_install": [
        "out"
      ],
      "outputs": {
        "out": "/nix/store/hgycsvahrwxwkq56zj5by28pxwx9sfqh-cargo-1.80.1"
      },
      "system": "aarch64-linux",
      "group": "toplevel",
      "priority": 5
    },
    {
      "attr_path": "cargo",
      "broken": false,
      "derivation": "/nix/store/lw8a7gvkhkjfwfccpyy0p2i2kq1bq5qk-cargo-1.80.1.drv",
      "description": "Downloads your Rust project's dependencies and builds your project",
      "install_id": "cargo",
      "license": "[ MIT, Apache-2.0 ]",
      "locked_url": "https://github.com/flox/nixpkgs?rev=30439d93eb8b19861ccbe3e581abf97bdc91b093",
      "name": "cargo-1.80.1",
      "pname": "cargo",
      "rev": "30439d93eb8b19861ccbe3e581abf97bdc91b093",
      "rev_count": 684846,
      "rev_date": "2024-09-23T20:13:18Z",
      "scrape_date": "2024-09-27T03:18:01Z",
      "stabilities": [
        "stable",
        "staging",
        "unstable"
      ],
      "unfree": false,
      "version": "1.80.1",
      "outputs_to_install": [
        "out"
      ],
      "outputs": {
        "out": "/nix/store/rc3niv9fvii3lc862h81qbqca89yagg9-cargo-1.80.1"
      },
      "system": "x86_64-darwin",
      "group": "toplevel",
      "priority": 5
    },
    {
      "attr_path": "cargo",
      "broken": false,
      "derivation": "/nix/store/gjrrcbbsmjq4dp6gfrss50l6zm628qpw-cargo-1.80.1.drv",
      "description": "Downloads your Rust project's dependencies and builds your project",
      "install_id": "cargo",
      "license": "[ MIT, Apache-2.0 ]",
      "locked_url": "https://github.com/flox/nixpkgs?rev=30439d93eb8b19861ccbe3e581abf97bdc91b093",
      "name": "cargo-1.80.1",
      "pname": "cargo",
      "rev": "30439d93eb8b19861ccbe3e581abf97bdc91b093",
      "rev_count": 684846,
      "rev_date": "2024-09-23T20:13:18Z",
      "scrape_date": "2024-09-27T03:18:01Z",
      "stabilities": [
        "stable",
        "staging",
        "unstable"
      ],
      "unfree": false,
      "version": "1.80.1",
      "outputs_to_install": [
        "out"
      ],
      "outputs": {
        "out": "/nix/store/c0r47wb8xm1dbsvppw6gh75jfjakal1y-cargo-1.80.1"
      },
      "system": "x86_64-linux",
      "group": "toplevel",
      "priority": 5
    },
    {
      "attr_path": "deno",
      "broken": false,
      "derivation": "/nix/store/52qwqfckyc24la7xsm1nd0sm4vm7ra11-deno-1.46.2.drv",
      "description": "Secure runtime for JavaScript and TypeScript",
      "install_id": "deno",
      "license": "MIT",
      "locked_url": "https://github.com/flox/nixpkgs?rev=30439d93eb8b19861ccbe3e581abf97bdc91b093",
      "name": "deno-1.46.2",
      "pname": "deno",
      "rev": "30439d93eb8b19861ccbe3e581abf97bdc91b093",
      "rev_count": 684846,
      "rev_date": "2024-09-23T20:13:18Z",
      "scrape_date": "2024-09-27T03:18:01Z",
      "stabilities": [
        "stable",
        "staging",
        "unstable"
      ],
      "unfree": false,
      "version": "1.46.2",
      "outputs_to_install": [
        "out"
      ],
      "outputs": {
        "out": "/nix/store/9mcb5x2nh4kk91p3r4r7acsbz55p2knw-deno-1.46.2"
      },
      "system": "aarch64-darwin",
      "group": "toplevel",
      "priority": 5
    },
    {
      "attr_path": "deno",
      "broken": false,
      "derivation": "/nix/store/kp7dnk0pbxdjf6mcd422gk5b4w1sxkhj-deno-1.46.2.drv",
      "description": "Secure runtime for JavaScript and TypeScript",
      "install_id": "deno",
      "license": "MIT",
      "locked_url": "https://github.com/flox/nixpkgs?rev=30439d93eb8b19861ccbe3e581abf97bdc91b093",
      "name": "deno-1.46.2",
      "pname": "deno",
      "rev": "30439d93eb8b19861ccbe3e581abf97bdc91b093",
      "rev_count": 684846,
      "rev_date": "2024-09-23T20:13:18Z",
      "scrape_date": "2024-09-27T03:18:01Z",
      "stabilities": [
        "stable",
        "staging",
        "unstable"
      ],
      "unfree": false,
      "version": "1.46.2",
      "outputs_to_install": [
        "out"
      ],
      "outputs": {
        "out": "/nix/store/9x8yyry9a6lc9nmj0v0ns2wc37gs7pn4-deno-1.46.2"
      },
      "system": "aarch64-linux",
      "group": "toplevel",
      "priority": 5
    },
    {
      "attr_path": "deno",
      "broken": false,
      "derivation": "/nix/store/zwpa9jr9747wh6hk8y2kg4dx2l6nn572-deno-1.46.2.drv",
      "description": "Secure runtime for JavaScript and TypeScript",
      "install_id": "deno",
      "license": "MIT",
      "locked_url": "https://github.com/flox/nixpkgs?rev=30439d93eb8b19861ccbe3e581abf97bdc91b093",
      "name": "deno-1.46.2",
      "pname": "deno",
      "rev": "30439d93eb8b19861ccbe3e581abf97bdc91b093",
      "rev_count": 684846,
      "rev_date": "2024-09-23T20:13:18Z",
      "scrape_date": "2024-09-27T03:18:01Z",
      "stabilities": [
        "stable",
        "staging",
        "unstable"
      ],
      "unfree": false,
      "version": "1.46.2",
      "outputs_to_install": [
        "out"
      ],
      "outputs": {
        "out": "/nix/store/ddf2h27nz0n9m9havxg6nawkhf3qbfbj-deno-1.46.2"
      },
      "system": "x86_64-darwin",
      "group": "toplevel",
      "priority": 5
    },
    {
      "attr_path": "deno",
      "broken": false,
      "derivation": "/nix/store/2ynjgnzjsy93pxj51kssz1bcqff6nq82-deno-1.46.2.drv",
      "description": "Secure runtime for JavaScript and TypeScript",
      "install_id": "deno",
      "license": "MIT",
      "locked_url": "https://github.com/flox/nixpkgs?rev=30439d93eb8b19861ccbe3e581abf97bdc91b093",
      "name": "deno-1.46.2",
      "pname": "deno",
      "rev": "30439d93eb8b19861ccbe3e581abf97bdc91b093",
      "rev_count": 684846,
      "rev_date": "2024-09-23T20:13:18Z",
      "scrape_date": "2024-09-27T03:18:01Z",
      "stabilities": [
        "stable",
        "staging",
        "unstable"
      ],
      "unfree": false,
      "version": "1.46.2",
      "outputs_to_install": [
        "out"
      ],
      "outputs": {
        "out": "/nix/store/j1xsin03grmx9h1z3rwgdmpnwidpysjr-deno-1.46.2"
      },
      "system": "x86_64-linux",
      "group": "toplevel",
      "priority": 5
    },
    {
      "attr_path": "flyctl",
      "broken": false,
      "derivation": "/nix/store/4ilmdx1cyq93rcc7wwi461fvvj76anjh-flyctl-0.3.6.drv",
      "description": "Command line tools for fly.io services",
      "install_id": "flyctl",
      "license": "Apache-2.0",
      "locked_url": "https://github.com/flox/nixpkgs?rev=30439d93eb8b19861ccbe3e581abf97bdc91b093",
      "name": "flyctl-0.3.6",
      "pname": "flyctl",
      "rev": "30439d93eb8b19861ccbe3e581abf97bdc91b093",
      "rev_count": 684846,
      "rev_date": "2024-09-23T20:13:18Z",
      "scrape_date": "2024-09-27T03:18:01Z",
      "stabilities": [
        "stable",
        "staging",
        "unstable"
      ],
      "unfree": false,
      "version": "0.3.6",
      "outputs_to_install": [
        "out"
      ],
      "outputs": {
        "out": "/nix/store/1ys8xf2rq1il00sysh9721q8gda8fimy-flyctl-0.3.6"
      },
      "system": "aarch64-darwin",
      "group": "toplevel",
      "priority": 5
    },
    {
      "attr_path": "flyctl",
      "broken": false,
      "derivation": "/nix/store/ghbyj92nm93gsg5lmgv967859cb9mk65-flyctl-0.3.6.drv",
      "description": "Command line tools for fly.io services",
      "install_id": "flyctl",
      "license": "Apache-2.0",
      "locked_url": "https://github.com/flox/nixpkgs?rev=30439d93eb8b19861ccbe3e581abf97bdc91b093",
      "name": "flyctl-0.3.6",
      "pname": "flyctl",
      "rev": "30439d93eb8b19861ccbe3e581abf97bdc91b093",
      "rev_count": 684846,
      "rev_date": "2024-09-23T20:13:18Z",
      "scrape_date": "2024-09-27T03:18:01Z",
      "stabilities": [
        "stable",
        "staging",
        "unstable"
      ],
      "unfree": false,
      "version": "0.3.6",
      "outputs_to_install": [
        "out"
      ],
      "outputs": {
        "out": "/nix/store/zfxdp4j23f04ppsmb7fg4k6pli4ci2wm-flyctl-0.3.6"
      },
      "system": "aarch64-linux",
      "group": "toplevel",
      "priority": 5
    },
    {
      "attr_path": "flyctl",
      "broken": false,
      "derivation": "/nix/store/410hxidz801cgmk2if8li4pxf0kjpyvj-flyctl-0.3.6.drv",
      "description": "Command line tools for fly.io services",
      "install_id": "flyctl",
      "license": "Apache-2.0",
      "locked_url": "https://github.com/flox/nixpkgs?rev=30439d93eb8b19861ccbe3e581abf97bdc91b093",
      "name": "flyctl-0.3.6",
      "pname": "flyctl",
      "rev": "30439d93eb8b19861ccbe3e581abf97bdc91b093",
      "rev_count": 684846,
      "rev_date": "2024-09-23T20:13:18Z",
      "scrape_date": "2024-09-27T03:18:01Z",
      "stabilities": [
        "stable",
        "staging",
        "unstable"
      ],
      "unfree": false,
      "version": "0.3.6",
      "outputs_to_install": [
        "out"
      ],
      "outputs": {
        "out": "/nix/store/nsabd58kiqdn9zwycavclvzil18i171p-flyctl-0.3.6"
      },
      "system": "x86_64-darwin",
      "group": "toplevel",
      "priority": 5
    },
    {
      "attr_path": "flyctl",
      "broken": false,
      "derivation": "/nix/store/szi2gb30awg98x0ka72r46rj71qhwj1i-flyctl-0.3.6.drv",
      "description": "Command line tools for fly.io services",
      "install_id": "flyctl",
      "license": "Apache-2.0",
      "locked_url": "https://github.com/flox/nixpkgs?rev=30439d93eb8b19861ccbe3e581abf97bdc91b093",
      "name": "flyctl-0.3.6",
      "pname": "flyctl",
      "rev": "30439d93eb8b19861ccbe3e581abf97bdc91b093",
      "rev_count": 684846,
      "rev_date": "2024-09-23T20:13:18Z",
      "scrape_date": "2024-09-27T03:18:01Z",
      "stabilities": [
        "stable",
        "staging",
        "unstable"
      ],
      "unfree": false,
      "version": "0.3.6",
      "outputs_to_install": [
        "out"
      ],
      "outputs": {
        "out": "/nix/store/h4z0vl98a219y7az7rkm41hfcfyjm5zr-flyctl-0.3.6"
      },
      "system": "x86_64-linux",
      "group": "toplevel",
      "priority": 5
    },
    {
      "attr_path": "nodejs",
      "broken": false,
      "derivation": "/nix/store/ynhixqy7ih4sjpww3y7ra64fn3s92y6j-nodejs-20.17.0.drv",
      "description": "Event-driven I/O framework for the V8 JavaScript engine",
      "install_id": "nodejs",
      "license": "MIT",
      "locked_url": "https://github.com/flox/nixpkgs?rev=30439d93eb8b19861ccbe3e581abf97bdc91b093",
      "name": "nodejs-20.17.0",
      "pname": "nodejs",
      "rev": "30439d93eb8b19861ccbe3e581abf97bdc91b093",
      "rev_count": 684846,
      "rev_date": "2024-09-23T20:13:18Z",
      "scrape_date": "2024-09-27T03:18:01Z",
      "stabilities": [
        "stable",
        "staging",
        "unstable"
      ],
      "unfree": false,
      "version": "20.17.0",
      "outputs_to_install": [
        "out"
      ],
      "outputs": {
        "libv8": "/nix/store/baf3p9zf8dn2arp6wjkdi3v0g2xgfd6y-nodejs-20.17.0-libv8",
        "out": "/nix/store/hxl1k8qgmrm1vfq5f419iv4wybz9szqq-nodejs-20.17.0"
      },
      "system": "aarch64-darwin",
      "group": "toplevel",
      "priority": 5
    },
    {
      "attr_path": "nodejs",
      "broken": false,
      "derivation": "/nix/store/fr04z10588nlfmms64ask1g6nvg48vk1-nodejs-20.17.0.drv",
      "description": "Event-driven I/O framework for the V8 JavaScript engine",
      "install_id": "nodejs",
      "license": "MIT",
      "locked_url": "https://github.com/flox/nixpkgs?rev=30439d93eb8b19861ccbe3e581abf97bdc91b093",
      "name": "nodejs-20.17.0",
      "pname": "nodejs",
      "rev": "30439d93eb8b19861ccbe3e581abf97bdc91b093",
      "rev_count": 684846,
      "rev_date": "2024-09-23T20:13:18Z",
      "scrape_date": "2024-09-27T03:18:01Z",
      "stabilities": [
        "stable",
        "staging",
        "unstable"
      ],
      "unfree": false,
      "version": "20.17.0",
      "outputs_to_install": [
        "out"
      ],
      "outputs": {
        "libv8": "/nix/store/0c57mzp5bqf0pp4a0pdj8wynphsgi92c-nodejs-20.17.0-libv8",
        "out": "/nix/store/vc64zpxndmp3xh9699yb2vpbl81pxbk0-nodejs-20.17.0"
      },
      "system": "aarch64-linux",
      "group": "toplevel",
      "priority": 5
    },
    {
      "attr_path": "nodejs",
      "broken": false,
      "derivation": "/nix/store/pmw8kl5dckr1zfb4ny27v6gjk9aa9nrp-nodejs-20.17.0.drv",
      "description": "Event-driven I/O framework for the V8 JavaScript engine",
      "install_id": "nodejs",
      "license": "MIT",
      "locked_url": "https://github.com/flox/nixpkgs?rev=30439d93eb8b19861ccbe3e581abf97bdc91b093",
      "name": "nodejs-20.17.0",
      "pname": "nodejs",
      "rev": "30439d93eb8b19861ccbe3e581abf97bdc91b093",
      "rev_count": 684846,
      "rev_date": "2024-09-23T20:13:18Z",
      "scrape_date": "2024-09-27T03:18:01Z",
      "stabilities": [
        "stable",
        "staging",
        "unstable"
      ],
      "unfree": false,
      "version": "20.17.0",
      "outputs_to_install": [
        "out"
      ],
      "outputs": {
        "libv8": "/nix/store/n4xvswmgb3ql2440bkl8xk4i3b11w46x-nodejs-20.17.0-libv8",
        "out": "/nix/store/lgyrki1i0205nwh51c1h22bhl95x0nyd-nodejs-20.17.0"
      },
      "system": "x86_64-darwin",
      "group": "toplevel",
      "priority": 5
    },
    {
      "attr_path": "nodejs",
      "broken": false,
      "derivation": "/nix/store/3hxn26fh3cpz4rnx3lcwm5cb0vg15rzk-nodejs-20.17.0.drv",
      "description": "Event-driven I/O framework for the V8 JavaScript engine",
      "install_id": "nodejs",
      "license": "MIT",
      "locked_url": "https://github.com/flox/nixpkgs?rev=30439d93eb8b19861ccbe3e581abf97bdc91b093",
      "name": "nodejs-20.17.0",
      "pname": "nodejs",
      "rev": "30439d93eb8b19861ccbe3e581abf97bdc91b093",
      "rev_count": 684846,
      "rev_date": "2024-09-23T20:13:18Z",
      "scrape_date": "2024-09-27T03:18:01Z",
      "stabilities": [
        "stable",
        "staging",
        "unstable"
      ],
      "unfree": false,
      "version": "20.17.0",
      "outputs_to_install": [
        "out"
      ],
      "outputs": {
        "libv8": "/nix/store/bsqha32xvv1j20bwkhr2wsnclk4qsi3a-nodejs-20.17.0-libv8",
        "out": "/nix/store/w78sh036dyn14f29w8za9ni9syrmwm3q-nodejs-20.17.0"
      },
      "system": "x86_64-linux",
      "group": "toplevel",
      "priority": 5
    },
    {
      "attr_path": "rover",
      "broken": false,
      "derivation": "/nix/store/c9dcd960wlaam1c487g6f51yz6w63z93-rover-0.24.0.drv",
      "description": "CLI for interacting with ApolloGraphQL's developer tooling, including managing self-hosted and GraphOS graphs",
      "install_id": "rover",
      "license": "MIT",
      "locked_url": "https://github.com/flox/nixpkgs?rev=30439d93eb8b19861ccbe3e581abf97bdc91b093",
      "name": "rover-0.24.0",
      "pname": "rover",
      "rev": "30439d93eb8b19861ccbe3e581abf97bdc91b093",
      "rev_count": 684846,
      "rev_date": "2024-09-23T20:13:18Z",
      "scrape_date": "2024-09-27T03:18:01Z",
      "stabilities": [
        "stable",
        "staging",
        "unstable"
      ],
      "unfree": false,
      "version": "0.24.0",
      "outputs_to_install": [
        "out"
      ],
      "outputs": {
        "out": "/nix/store/673mr9f5880s336y5gg2sq8j1r4yaivn-rover-0.24.0"
      },
      "system": "aarch64-darwin",
      "group": "toplevel",
      "priority": 5
    },
    {
      "attr_path": "rover",
      "broken": false,
      "derivation": "/nix/store/29dlmd6icizzlsch2aav8xkrbnx9cjci-rover-0.24.0.drv",
      "description": "CLI for interacting with ApolloGraphQL's developer tooling, including managing self-hosted and GraphOS graphs",
      "install_id": "rover",
      "license": "MIT",
      "locked_url": "https://github.com/flox/nixpkgs?rev=30439d93eb8b19861ccbe3e581abf97bdc91b093",
      "name": "rover-0.24.0",
      "pname": "rover",
      "rev": "30439d93eb8b19861ccbe3e581abf97bdc91b093",
      "rev_count": 684846,
      "rev_date": "2024-09-23T20:13:18Z",
      "scrape_date": "2024-09-27T03:18:01Z",
      "stabilities": [
        "stable",
        "staging",
        "unstable"
      ],
      "unfree": false,
      "version": "0.24.0",
      "outputs_to_install": [
        "out"
      ],
      "outputs": {
        "out": "/nix/store/3z5cb253x3bb3ykid872k7vn48r76md8-rover-0.24.0"
      },
      "system": "aarch64-linux",
      "group": "toplevel",
      "priority": 5
    },
    {
      "attr_path": "rover",
      "broken": false,
      "derivation": "/nix/store/qlwavrlbpxpi9rzlkp67m4i9f5id7a76-rover-0.24.0.drv",
      "description": "CLI for interacting with ApolloGraphQL's developer tooling, including managing self-hosted and GraphOS graphs",
      "install_id": "rover",
      "license": "MIT",
      "locked_url": "https://github.com/flox/nixpkgs?rev=30439d93eb8b19861ccbe3e581abf97bdc91b093",
      "name": "rover-0.24.0",
      "pname": "rover",
      "rev": "30439d93eb8b19861ccbe3e581abf97bdc91b093",
      "rev_count": 684846,
      "rev_date": "2024-09-23T20:13:18Z",
      "scrape_date": "2024-09-27T03:18:01Z",
      "stabilities": [
        "stable",
        "staging",
        "unstable"
      ],
      "unfree": false,
      "version": "0.24.0",
      "outputs_to_install": [
        "out"
      ],
      "outputs": {
        "out": "/nix/store/9cj5rsghjyk3k5561aiyfmpswp006w6v-rover-0.24.0"
      },
      "system": "x86_64-darwin",
      "group": "toplevel",
      "priority": 5
    },
    {
      "attr_path": "rover",
      "broken": false,
      "derivation": "/nix/store/94fyia8a41ql9pf8khqn49nx62klsniy-rover-0.24.0.drv",
      "description": "CLI for interacting with ApolloGraphQL's developer tooling, including managing self-hosted and GraphOS graphs",
      "install_id": "rover",
      "license": "MIT",
      "locked_url": "https://github.com/flox/nixpkgs?rev=30439d93eb8b19861ccbe3e581abf97bdc91b093",
      "name": "rover-0.24.0",
      "pname": "rover",
      "rev": "30439d93eb8b19861ccbe3e581abf97bdc91b093",
      "rev_count": 684846,
      "rev_date": "2024-09-23T20:13:18Z",
      "scrape_date": "2024-09-27T03:18:01Z",
      "stabilities": [
        "stable",
        "staging",
        "unstable"
      ],
      "unfree": false,
      "version": "0.24.0",
      "outputs_to_install": [
        "out"
      ],
      "outputs": {
        "out": "/nix/store/8g1ycyspwa9arvjmrshr09ky44s311j8-rover-0.24.0"
      },
      "system": "x86_64-linux",
      "group": "toplevel",
      "priority": 5
    },
    {
      "attr_path": "sqld",
      "broken": false,
      "derivation": "/nix/store/67anfm0h70lr13525gliykbxcn9k2vbf-sqld-0.24.18.drv",
      "description": "LibSQL with extended capabilities like HTTP protocol, replication, and more",
      "install_id": "sqld",
      "license": "MIT",
      "locked_url": "https://github.com/flox/nixpkgs?rev=30439d93eb8b19861ccbe3e581abf97bdc91b093",
      "name": "sqld-0.24.18",
      "pname": "sqld",
      "rev": "30439d93eb8b19861ccbe3e581abf97bdc91b093",
      "rev_count": 684846,
      "rev_date": "2024-09-23T20:13:18Z",
      "scrape_date": "2024-09-27T03:18:01Z",
      "stabilities": [
        "stable",
        "staging",
        "unstable"
      ],
      "unfree": false,
      "version": "0.24.18",
      "outputs_to_install": [
        "out"
      ],
      "outputs": {
        "out": "/nix/store/3651jnwgvx2jrryha2z6j1bly73yq4l2-sqld-0.24.18"
      },
      "system": "aarch64-darwin",
      "group": "toplevel",
      "priority": 5
    },
    {
      "attr_path": "sqld",
      "broken": false,
      "derivation": "/nix/store/3y1n82rsh5iw681966apy80v71g4mkp2-sqld-0.24.18.drv",
      "description": "LibSQL with extended capabilities like HTTP protocol, replication, and more",
      "install_id": "sqld",
      "license": "MIT",
      "locked_url": "https://github.com/flox/nixpkgs?rev=30439d93eb8b19861ccbe3e581abf97bdc91b093",
      "name": "sqld-0.24.18",
      "pname": "sqld",
      "rev": "30439d93eb8b19861ccbe3e581abf97bdc91b093",
      "rev_count": 684846,
      "rev_date": "2024-09-23T20:13:18Z",
      "scrape_date": "2024-09-27T03:18:01Z",
      "stabilities": [
        "stable",
        "staging",
        "unstable"
      ],
      "unfree": false,
      "version": "0.24.18",
      "outputs_to_install": [
        "out"
      ],
      "outputs": {
        "out": "/nix/store/fz3vx98wgsii1hdfdr040qdcwk3mnbcj-sqld-0.24.18"
      },
      "system": "aarch64-linux",
      "group": "toplevel",
      "priority": 5
    },
    {
      "attr_path": "sqld",
      "broken": false,
      "derivation": "/nix/store/qnnz87441934dk2q1hhlj3djl6q28vy0-sqld-0.24.18.drv",
      "description": "LibSQL with extended capabilities like HTTP protocol, replication, and more",
      "install_id": "sqld",
      "license": "MIT",
      "locked_url": "https://github.com/flox/nixpkgs?rev=30439d93eb8b19861ccbe3e581abf97bdc91b093",
      "name": "sqld-0.24.18",
      "pname": "sqld",
      "rev": "30439d93eb8b19861ccbe3e581abf97bdc91b093",
      "rev_count": 684846,
      "rev_date": "2024-09-23T20:13:18Z",
      "scrape_date": "2024-09-27T03:18:01Z",
      "stabilities": [
        "stable",
        "staging",
        "unstable"
      ],
      "unfree": false,
      "version": "0.24.18",
      "outputs_to_install": [
        "out"
      ],
      "outputs": {
        "out": "/nix/store/zb2vac4s5x2ka9dig765z0cp7q4x34y8-sqld-0.24.18"
      },
      "system": "x86_64-darwin",
      "group": "toplevel",
      "priority": 5
    },
    {
      "attr_path": "sqld",
      "broken": false,
      "derivation": "/nix/store/6yxmkf4q86g1yiwqg7p3bcv4n9g9ic67-sqld-0.24.18.drv",
      "description": "LibSQL with extended capabilities like HTTP protocol, replication, and more",
      "install_id": "sqld",
      "license": "MIT",
      "locked_url": "https://github.com/flox/nixpkgs?rev=30439d93eb8b19861ccbe3e581abf97bdc91b093",
      "name": "sqld-0.24.18",
      "pname": "sqld",
      "rev": "30439d93eb8b19861ccbe3e581abf97bdc91b093",
      "rev_count": 684846,
      "rev_date": "2024-09-23T20:13:18Z",
      "scrape_date": "2024-09-27T03:18:01Z",
      "stabilities": [
        "stable",
        "staging",
        "unstable"
      ],
      "unfree": false,
      "version": "0.24.18",
      "outputs_to_install": [
        "out"
      ],
      "outputs": {
        "out": "/nix/store/6kig8495vjff43xmgs3cc04mrizwwn1g-sqld-0.24.18"
      },
      "system": "x86_64-linux",
      "group": "toplevel",
      "priority": 5
    },
    {
      "attr_path": "turso-cli",
      "broken": false,
      "derivation": "/nix/store/q0mgpsiqx45072i712549gij2b6ngj04-turso-cli-0.97.1.drv",
      "description": "This is the command line interface (CLI) to Turso",
      "install_id": "turso-cli",
      "license": "MIT",
      "locked_url": "https://github.com/flox/nixpkgs?rev=30439d93eb8b19861ccbe3e581abf97bdc91b093",
      "name": "turso-cli-0.97.1",
      "pname": "turso-cli",
      "rev": "30439d93eb8b19861ccbe3e581abf97bdc91b093",
      "rev_count": 684846,
      "rev_date": "2024-09-23T20:13:18Z",
      "scrape_date": "2024-09-27T03:18:01Z",
      "stabilities": [
        "stable",
        "staging",
        "unstable"
      ],
      "unfree": false,
      "version": "0.97.1",
      "outputs_to_install": [
        "out"
      ],
      "outputs": {
        "out": "/nix/store/1axfb7fsfa2scmwawz691hklprccw74v-turso-cli-0.97.1"
      },
      "system": "aarch64-darwin",
      "group": "toplevel",
      "priority": 5
    },
    {
      "attr_path": "turso-cli",
      "broken": false,
      "derivation": "/nix/store/nfwigphmvjpmfxqhcjmd8023p643b7ys-turso-cli-0.97.1.drv",
      "description": "This is the command line interface (CLI) to Turso",
      "install_id": "turso-cli",
      "license": "MIT",
      "locked_url": "https://github.com/flox/nixpkgs?rev=30439d93eb8b19861ccbe3e581abf97bdc91b093",
      "name": "turso-cli-0.97.1",
      "pname": "turso-cli",
      "rev": "30439d93eb8b19861ccbe3e581abf97bdc91b093",
      "rev_count": 684846,
      "rev_date": "2024-09-23T20:13:18Z",
      "scrape_date": "2024-09-27T03:18:01Z",
      "stabilities": [
        "stable",
        "staging",
        "unstable"
      ],
      "unfree": false,
      "version": "0.97.1",
      "outputs_to_install": [
        "out"
      ],
      "outputs": {
        "out": "/nix/store/s6jq459wzck83kw0yhlg1kgn3ywjjyyp-turso-cli-0.97.1"
      },
      "system": "aarch64-linux",
      "group": "toplevel",
      "priority": 5
    },
    {
      "attr_path": "turso-cli",
      "broken": false,
      "derivation": "/nix/store/1lj4n7mjbjlbhwan0ybldns6a4lxxfp9-turso-cli-0.97.1.drv",
      "description": "This is the command line interface (CLI) to Turso",
      "install_id": "turso-cli",
      "license": "MIT",
      "locked_url": "https://github.com/flox/nixpkgs?rev=30439d93eb8b19861ccbe3e581abf97bdc91b093",
      "name": "turso-cli-0.97.1",
      "pname": "turso-cli",
      "rev": "30439d93eb8b19861ccbe3e581abf97bdc91b093",
      "rev_count": 684846,
      "rev_date": "2024-09-23T20:13:18Z",
      "scrape_date": "2024-09-27T03:18:01Z",
      "stabilities": [
        "stable",
        "staging",
        "unstable"
      ],
      "unfree": false,
      "version": "0.97.1",
      "outputs_to_install": [
        "out"
      ],
      "outputs": {
        "out": "/nix/store/js4a2jxpy2vmr5hkimmfp39745skbbhb-turso-cli-0.97.1"
      },
      "system": "x86_64-darwin",
      "group": "toplevel",
      "priority": 5
    },
    {
      "attr_path": "turso-cli",
      "broken": false,
      "derivation": "/nix/store/smhyg9jrk8bk52j70szcs01z4i1rnv3l-turso-cli-0.97.1.drv",
      "description": "This is the command line interface (CLI) to Turso",
      "install_id": "turso-cli",
      "license": "MIT",
      "locked_url": "https://github.com/flox/nixpkgs?rev=30439d93eb8b19861ccbe3e581abf97bdc91b093",
      "name": "turso-cli-0.97.1",
      "pname": "turso-cli",
      "rev": "30439d93eb8b19861ccbe3e581abf97bdc91b093",
      "rev_count": 684846,
      "rev_date": "2024-09-23T20:13:18Z",
      "scrape_date": "2024-09-27T03:18:01Z",
      "stabilities": [
        "stable",
        "staging",
        "unstable"
      ],
      "unfree": false,
      "version": "0.97.1",
      "outputs_to_install": [
        "out"
      ],
      "outputs": {
        "out": "/nix/store/bg1r0b0zss4kkpda2h83gmkbv0p3bgzc-turso-cli-0.97.1"
      },
      "system": "x86_64-linux",
      "group": "toplevel",
      "priority": 5
    },
    {
      "install_id": "wasmer",
      "locked-url": "github:NixOS/nixpkgs/2d2a9ddbe3f2c00747398f3dc9b05f7f2ebb0f53",
      "flake-description": "A collection of packages for the Nix package manager",
      "locked-flake-attr-path": "legacyPackages.aarch64-darwin.wasmer",
      "derivation": "/nix/store/ww2ccjy7k0ga5wxr3268qyi6asj8459m-wasmer-4.4.0.drv",
      "outputs": {
        "out": "/nix/store/c34k99syvyligafpwyfxas8arysly555-wasmer-4.4.0"
      },
      "output-names": [
        "out"
      ],
      "outputs-to-install": [
        "out"
      ],
      "package-system": "aarch64-darwin",
      "system": "aarch64-darwin",
      "name": "wasmer-4.4.0",
      "pname": "wasmer",
      "version": "4.4.0",
      "description": "Universal WebAssembly Runtime",
      "licenses": [
        "MIT"
      ],
      "broken": false,
      "unfree": false,
      "priority": 5
    },
    {
      "install_id": "wasmer",
      "locked-url": "github:NixOS/nixpkgs/2d2a9ddbe3f2c00747398f3dc9b05f7f2ebb0f53",
      "flake-description": "A collection of packages for the Nix package manager",
      "locked-flake-attr-path": "legacyPackages.aarch64-linux.wasmer",
      "derivation": "/nix/store/67273cc9lng7wnycspj0qzk6ky39yaiv-wasmer-4.4.0.drv",
      "outputs": {
        "out": "/nix/store/51sy7gpaacn80270faq72wfck1cykchm-wasmer-4.4.0"
      },
      "output-names": [
        "out"
      ],
      "outputs-to-install": [
        "out"
      ],
      "package-system": "aarch64-linux",
      "system": "aarch64-linux",
      "name": "wasmer-4.4.0",
      "pname": "wasmer",
      "version": "4.4.0",
      "description": "Universal WebAssembly Runtime",
      "licenses": [
        "MIT"
      ],
      "broken": false,
      "unfree": false,
      "priority": 5
    },
    {
      "install_id": "wasmer",
      "locked-url": "github:NixOS/nixpkgs/2d2a9ddbe3f2c00747398f3dc9b05f7f2ebb0f53",
      "flake-description": "A collection of packages for the Nix package manager",
      "locked-flake-attr-path": "legacyPackages.x86_64-darwin.wasmer",
      "derivation": "/nix/store/3v9b7gbhys3x0y5sdqrlxn1k2zvcyc5b-wasmer-4.4.0.drv",
      "outputs": {
        "out": "/nix/store/6zla5nqa1w7yw76dlg8ip82wbjxcrjbh-wasmer-4.4.0"
      },
      "output-names": [
        "out"
      ],
      "outputs-to-install": [
        "out"
      ],
      "package-system": "x86_64-darwin",
      "system": "x86_64-darwin",
      "name": "wasmer-4.4.0",
      "pname": "wasmer",
      "version": "4.4.0",
      "description": "Universal WebAssembly Runtime",
      "licenses": [
        "MIT"
      ],
      "broken": false,
      "unfree": false,
      "priority": 5
    },
    {
      "install_id": "wasmer",
      "locked-url": "github:NixOS/nixpkgs/2d2a9ddbe3f2c00747398f3dc9b05f7f2ebb0f53",
      "flake-description": "A collection of packages for the Nix package manager",
      "locked-flake-attr-path": "legacyPackages.x86_64-linux.wasmer",
      "derivation": "/nix/store/l2yp3bcwz7r90777in6c5w6ydvw69dj6-wasmer-4.4.0.drv",
      "outputs": {
        "out": "/nix/store/6wk5q08imd2nxqxgczwr4nym8yf4zll9-wasmer-4.4.0"
      },
      "output-names": [
        "out"
      ],
      "outputs-to-install": [
        "out"
      ],
      "package-system": "x86_64-linux",
      "system": "x86_64-linux",
      "name": "wasmer-4.4.0",
      "pname": "wasmer",
      "version": "4.4.0",
      "description": "Universal WebAssembly Runtime",
      "licenses": [
        "MIT"
      ],
      "broken": false,
      "unfree": false,
      "priority": 5
    }
  ]
}