{
  "lockfile-version": 1,
  "manifest": {
    "version": 1,
    "install": {
      "opentofu": {
        "pkg-path": "opentofu"
      },
      "scaleway-cli": {
        "pkg-path": "scaleway-cli"
      }
    },
    "hook": {},
    "profile": {},
    "options": {
      "systems": [
        "aarch64-darwin",
        "aarch64-linux",
        "x86_64-darwin",
        "x86_64-linux"
      ],
      "allow": {
        "licenses": []
      },
      "semver": {}
    }
  },
  "packages": [
    {
      "attr_path": "opentofu",
      "broken": false,
      "derivation": "/nix/store/6yqzq7vp59fxjwyz6m9wlvjxy15q4yip-opentofu-1.8.5.drv",
      "description": "Tool for building, changing, and versioning infrastructure",
      "install_id": "opentofu",
      "license": "MPL-2.0",
      "locked_url": "https://github.com/flox/nixpkgs?rev=76612b17c0ce71689921ca12d9ffdc9c23ce40b2",
      "name": "opentofu-1.8.5",
      "pname": "opentofu",
      "rev": "76612b17c0ce71689921ca12d9ffdc9c23ce40b2",
      "rev_count": 705705,
      "rev_date": "2024-11-09T08:06:34Z",
      "scrape_date": "2024-11-11T03:57:18Z",
      "stabilities": [
        "unstable"
      ],
      "unfree": false,
      "version": "1.8.5",
      "outputs_to_install": [
        "out"
      ],
      "outputs": {
        "out": "/nix/store/bw1cxnss7fq7ad8yy6zyvik85kaqs6cd-opentofu-1.8.5"
      },
      "system": "aarch64-darwin",
      "group": "toplevel",
      "priority": 5
    },
    {
      "attr_path": "opentofu",
      "broken": false,
      "derivation": "/nix/store/x3rvcb7c530wld9sxfzgik7asraz522z-opentofu-1.8.5.drv",
      "description": "Tool for building, changing, and versioning infrastructure",
      "install_id": "opentofu",
      "license": "MPL-2.0",
      "locked_url": "https://github.com/flox/nixpkgs?rev=76612b17c0ce71689921ca12d9ffdc9c23ce40b2",
      "name": "opentofu-1.8.5",
      "pname": "opentofu",
      "rev": "76612b17c0ce71689921ca12d9ffdc9c23ce40b2",
      "rev_count": 705705,
      "rev_date": "2024-11-09T08:06:34Z",
      "scrape_date": "2024-11-11T03:57:18Z",
      "stabilities": [
        "unstable"
      ],
      "unfree": false,
      "version": "1.8.5",
      "outputs_to_install": [
        "out"
      ],
      "outputs": {
        "out": "/nix/store/q1rajn3ixbz4f9if0qqqf67w5lyg1bjd-opentofu-1.8.5"
      },
      "system": "aarch64-linux",
      "group": "toplevel",
      "priority": 5
    },
    {
      "attr_path": "opentofu",
      "broken": false,
      "derivation": "/nix/store/h7k0sryfsv255a16mb0m05ks9q1ygyr0-opentofu-1.8.5.drv",
      "description": "Tool for building, changing, and versioning infrastructure",
      "install_id": "opentofu",
      "license": "MPL-2.0",
      "locked_url": "https://github.com/flox/nixpkgs?rev=76612b17c0ce71689921ca12d9ffdc9c23ce40b2",
      "name": "opentofu-1.8.5",
      "pname": "opentofu",
      "rev": "76612b17c0ce71689921ca12d9ffdc9c23ce40b2",
      "rev_count": 705705,
      "rev_date": "2024-11-09T08:06:34Z",
      "scrape_date": "2024-11-11T03:57:18Z",
      "stabilities": [
        "unstable"
      ],
      "unfree": false,
      "version": "1.8.5",
      "outputs_to_install": [
        "out"
      ],
      "outputs": {
        "out": "/nix/store/5dxmh8l3bzc25wm34slf4ckagqwvhiaz-opentofu-1.8.5"
      },
      "system": "x86_64-darwin",
      "group": "toplevel",
      "priority": 5
    },
    {
      "attr_path": "opentofu",
      "broken": false,
      "derivation": "/nix/store/bl1vyhyrha2fr3lqrnn01z5w5qzq7ns4-opentofu-1.8.5.drv",
      "description": "Tool for building, changing, and versioning infrastructure",
      "install_id": "opentofu",
      "license": "MPL-2.0",
      "locked_url": "https://github.com/flox/nixpkgs?rev=76612b17c0ce71689921ca12d9ffdc9c23ce40b2",
      "name": "opentofu-1.8.5",
      "pname": "opentofu",
      "rev": "76612b17c0ce71689921ca12d9ffdc9c23ce40b2",
      "rev_count": 705705,
      "rev_date": "2024-11-09T08:06:34Z",
      "scrape_date": "2024-11-11T03:57:18Z",
      "stabilities": [
        "unstable"
      ],
      "unfree": false,
      "version": "1.8.5",
      "outputs_to_install": [
        "out"
      ],
      "outputs": {
        "out": "/nix/store/4cjzcjakk9dji5yxfq152zl2jpw1g2bz-opentofu-1.8.5"
      },
      "system": "x86_64-linux",
      "group": "toplevel",
      "priority": 5
    },
    {
      "attr_path": "scaleway-cli",
      "broken": false,
      "derivation": "/nix/store/xrn2xh8vi2f62g4hyl3ydcm051h24cb8-scaleway-cli-2.34.0.drv",
      "description": "Interact with Scaleway API from the command line",
      "install_id": "scaleway-cli",
      "license": "MIT",
      "locked_url": "https://github.com/flox/nixpkgs?rev=76612b17c0ce71689921ca12d9ffdc9c23ce40b2",
      "name": "scaleway-cli-2.34.0",
      "pname": "scaleway-cli",
      "rev": "76612b17c0ce71689921ca12d9ffdc9c23ce40b2",
      "rev_count": 705705,
      "rev_date": "2024-11-09T08:06:34Z",
      "scrape_date": "2024-11-11T03:57:18Z",
      "stabilities": [
        "unstable"
      ],
      "unfree": false,
      "version": "2.34.0",
      "outputs_to_install": [
        "out"
      ],
      "outputs": {
        "out": "/nix/store/icd1lf40x1hqm9qkrdgngdvbb5ln5zdj-scaleway-cli-2.34.0"
      },
      "system": "aarch64-darwin",
      "group": "toplevel",
      "priority": 5
    },
    {
      "attr_path": "scaleway-cli",
      "broken": false,
      "derivation": "/nix/store/p1vrq7mqqjd4fqf3v28k3yc8xj27k272-scaleway-cli-2.34.0.drv",
      "description": "Interact with Scaleway API from the command line",
      "install_id": "scaleway-cli",
      "license": "MIT",
      "locked_url": "https://github.com/flox/nixpkgs?rev=76612b17c0ce71689921ca12d9ffdc9c23ce40b2",
      "name": "scaleway-cli-2.34.0",
      "pname": "scaleway-cli",
      "rev": "76612b17c0ce71689921ca12d9ffdc9c23ce40b2",
      "rev_count": 705705,
      "rev_date": "2024-11-09T08:06:34Z",
      "scrape_date": "2024-11-11T03:57:18Z",
      "stabilities": [
        "unstable"
      ],
      "unfree": false,
      "version": "2.34.0",
      "outputs_to_install": [
        "out"
      ],
      "outputs": {
        "out": "/nix/store/sxq8ws62myj4r0afbljqlafq81cy74mv-scaleway-cli-2.34.0"
      },
      "system": "aarch64-linux",
      "group": "toplevel",
      "priority": 5
    },
    {
      "attr_path": "scaleway-cli",
      "broken": false,
      "derivation": "/nix/store/lmbddckjlkknafhf15s97rpd8w2yvmqm-scaleway-cli-2.34.0.drv",
      "description": "Interact with Scaleway API from the command line",
      "install_id": "scaleway-cli",
      "license": "MIT",
      "locked_url": "https://github.com/flox/nixpkgs?rev=76612b17c0ce71689921ca12d9ffdc9c23ce40b2",
      "name": "scaleway-cli-2.34.0",
      "pname": "scaleway-cli",
      "rev": "76612b17c0ce71689921ca12d9ffdc9c23ce40b2",
      "rev_count": 705705,
      "rev_date": "2024-11-09T08:06:34Z",
      "scrape_date": "2024-11-11T03:57:18Z",
      "stabilities": [
        "unstable"
      ],
      "unfree": false,
      "version": "2.34.0",
      "outputs_to_install": [
        "out"
      ],
      "outputs": {
        "out": "/nix/store/lwc8nw2279j9mwxca4zalc2k2kbccyny-scaleway-cli-2.34.0"
      },
      "system": "x86_64-darwin",
      "group": "toplevel",
      "priority": 5
    },
    {
      "attr_path": "scaleway-cli",
      "broken": false,
      "derivation": "/nix/store/dxkpyz5q6k8kyll5vyc4hgmclqsqymg6-scaleway-cli-2.34.0.drv",
      "description": "Interact with Scaleway API from the command line",
      "install_id": "scaleway-cli",
      "license": "MIT",
      "locked_url": "https://github.com/flox/nixpkgs?rev=76612b17c0ce71689921ca12d9ffdc9c23ce40b2",
      "name": "scaleway-cli-2.34.0",
      "pname": "scaleway-cli",
      "rev": "76612b17c0ce71689921ca12d9ffdc9c23ce40b2",
      "rev_count": 705705,
      "rev_date": "2024-11-09T08:06:34Z",
      "scrape_date": "2024-11-11T03:57:18Z",
      "stabilities": [
        "unstable"
      ],
      "unfree": false,
      "version": "2.34.0",
      "outputs_to_install": [
        "out"
      ],
      "outputs": {
        "out": "/nix/store/rczhra7qhlkd7jcxdhyimaivcdqwf9fh-scaleway-cli-2.34.0"
      },
      "system": "x86_64-linux",
      "group": "toplevel",
      "priority": 5
    }
  ]
}