{
  "lockfile-version": 1,
  "manifest": {
    "version": 1,
    "install": {
      "cocogitto": {
        "pkg-path": "cocogitto"
      },
      "runme": {
        "pkg-path": "runme"
      }
    },
    "hook": {},
    "profile": {},
    "options": {
      "systems": [
        "aarch64-darwin",
        "aarch64-linux",
        "x86_64-darwin",
        "x86_64-linux"
      ],
      "allow": {
        "licenses": []
      },
      "semver": {}
    }
  },
  "packages": [
    {
      "attr_path": "cocogitto",
      "broken": false,
      "derivation": "/nix/store/phj9akqhdjd3w2sax3adnl8nizsv4cw1-cocogitto-6.1.0.drv",
      "description": "Set of cli tools for the conventional commit and semver specifications",
      "install_id": "cocogitto",
      "license": "MIT",
      "locked_url": "https://github.com/flox/nixpkgs?rev=4f807e8940284ad7925ebd0a0993d2a1791acb2f",
      "name": "cocogitto-6.1.0",
      "pname": "cocogitto",
      "rev": "4f807e8940284ad7925ebd0a0993d2a1791acb2f",
      "rev_count": 680062,
      "rev_date": "2024-09-11T13:54:33Z",
      "scrape_date": "2024-09-14T03:13:36Z",
      "unfree": false,
      "version": "6.1.0",
      "outputs_to_install": [
        "out"
      ],
      "outputs": {
        "out": "/nix/store/4ms8iwrzfl7h115ldffch6dpa5jxmqb5-cocogitto-6.1.0"
      },
      "system": "aarch64-darwin",
      "group": "toplevel",
      "priority": 5
    },
    {
      "attr_path": "cocogitto",
      "broken": false,
      "derivation": "/nix/store/gchq2hijls6wv15i5r7x0qfxmiqin16p-cocogitto-6.1.0.drv",
      "description": "Set of cli tools for the conventional commit and semver specifications",
      "install_id": "cocogitto",
      "license": "MIT",
      "locked_url": "https://github.com/flox/nixpkgs?rev=4f807e8940284ad7925ebd0a0993d2a1791acb2f",
      "name": "cocogitto-6.1.0",
      "pname": "cocogitto",
      "rev": "4f807e8940284ad7925ebd0a0993d2a1791acb2f",
      "rev_count": 680062,
      "rev_date": "2024-09-11T13:54:33Z",
      "scrape_date": "2024-09-14T03:13:36Z",
      "unfree": false,
      "version": "6.1.0",
      "outputs_to_install": [
        "out"
      ],
      "outputs": {
        "out": "/nix/store/zv6dwjwp0frxpff7gy37694fx4c18d9c-cocogitto-6.1.0"
      },
      "system": "aarch64-linux",
      "group": "toplevel",
      "priority": 5
    },
    {
      "attr_path": "cocogitto",
      "broken": false,
      "derivation": "/nix/store/yc4nlj8rvk65w4mvgacffaviavhqpvsh-cocogitto-6.1.0.drv",
      "description": "Set of cli tools for the conventional commit and semver specifications",
      "install_id": "cocogitto",
      "license": "MIT",
      "locked_url": "https://github.com/flox/nixpkgs?rev=4f807e8940284ad7925ebd0a0993d2a1791acb2f",
      "name": "cocogitto-6.1.0",
      "pname": "cocogitto",
      "rev": "4f807e8940284ad7925ebd0a0993d2a1791acb2f",
      "rev_count": 680062,
      "rev_date": "2024-09-11T13:54:33Z",
      "scrape_date": "2024-09-14T03:13:36Z",
      "unfree": false,
      "version": "6.1.0",
      "outputs_to_install": [
        "out"
      ],
      "outputs": {
        "out": "/nix/store/x136n6csn5x2qm066gp8i0fs5zajxmbw-cocogitto-6.1.0"
      },
      "system": "x86_64-darwin",
      "group": "toplevel",
      "priority": 5
    },
    {
      "attr_path": "cocogitto",
      "broken": false,
      "derivation": "/nix/store/p6agqsffvnkcnkgq6chi6y93hhx3z6rh-cocogitto-6.1.0.drv",
      "description": "Set of cli tools for the conventional commit and semver specifications",
      "install_id": "cocogitto",
      "license": "MIT",
      "locked_url": "https://github.com/flox/nixpkgs?rev=4f807e8940284ad7925ebd0a0993d2a1791acb2f",
      "name": "cocogitto-6.1.0",
      "pname": "cocogitto",
      "rev": "4f807e8940284ad7925ebd0a0993d2a1791acb2f",
      "rev_count": 680062,
      "rev_date": "2024-09-11T13:54:33Z",
      "scrape_date": "2024-09-14T03:13:36Z",
      "unfree": false,
      "version": "6.1.0",
      "outputs_to_install": [
        "out"
      ],
      "outputs": {
        "out": "/nix/store/15nl3s889g92r1a8cwkpq48lxpvc3ipf-cocogitto-6.1.0"
      },
      "system": "x86_64-linux",
      "group": "toplevel",
      "priority": 5
    },
    {
      "attr_path": "runme",
      "broken": false,
      "derivation": "/nix/store/7794qpr8x1bhnc8qbr7imay2fyjshqbd-runme-3.0.2.drv",
      "description": "Execute commands inside your runbooks, docs, and READMEs",
      "install_id": "runme",
      "license": "Apache-2.0",
      "locked_url": "https://github.com/flox/nixpkgs?rev=4f807e8940284ad7925ebd0a0993d2a1791acb2f",
      "name": "runme-3.0.2",
      "pname": "runme",
      "rev": "4f807e8940284ad7925ebd0a0993d2a1791acb2f",
      "rev_count": 680062,
      "rev_date": "2024-09-11T13:54:33Z",
      "scrape_date": "2024-09-14T03:13:36Z",
      "unfree": false,
      "version": "3.0.2",
      "outputs_to_install": [
        "out"
      ],
      "outputs": {
        "out": "/nix/store/xb802c65adh11p6h6nvyvwsfbl6sc7c3-runme-3.0.2"
      },
      "system": "aarch64-darwin",
      "group": "toplevel",
      "priority": 5
    },
    {
      "attr_path": "runme",
      "broken": false,
      "derivation": "/nix/store/gzsxkwbdiz3jw5z6vj0cdmjz6ay9q4gc-runme-3.0.2.drv",
      "description": "Execute commands inside your runbooks, docs, and READMEs",
      "install_id": "runme",
      "license": "Apache-2.0",
      "locked_url": "https://github.com/flox/nixpkgs?rev=4f807e8940284ad7925ebd0a0993d2a1791acb2f",
      "name": "runme-3.0.2",
      "pname": "runme",
      "rev": "4f807e8940284ad7925ebd0a0993d2a1791acb2f",
      "rev_count": 680062,
      "rev_date": "2024-09-11T13:54:33Z",
      "scrape_date": "2024-09-14T03:13:36Z",
      "unfree": false,
      "version": "3.0.2",
      "outputs_to_install": [
        "out"
      ],
      "outputs": {
        "out": "/nix/store/74fhpxyka9k5i2k1yjmknr0f5kdmyrml-runme-3.0.2"
      },
      "system": "aarch64-linux",
      "group": "toplevel",
      "priority": 5
    },
    {
      "attr_path": "runme",
      "broken": false,
      "derivation": "/nix/store/z12q1y4k2vk55b4pviw5z5zfazr3qnr9-runme-3.0.2.drv",
      "description": "Execute commands inside your runbooks, docs, and READMEs",
      "install_id": "runme",
      "license": "Apache-2.0",
      "locked_url": "https://github.com/flox/nixpkgs?rev=4f807e8940284ad7925ebd0a0993d2a1791acb2f",
      "name": "runme-3.0.2",
      "pname": "runme",
      "rev": "4f807e8940284ad7925ebd0a0993d2a1791acb2f",
      "rev_count": 680062,
      "rev_date": "2024-09-11T13:54:33Z",
      "scrape_date": "2024-09-14T03:13:36Z",
      "unfree": false,
      "version": "3.0.2",
      "outputs_to_install": [
        "out"
      ],
      "outputs": {
        "out": "/nix/store/k2l2d72jyfvf4h6g06rq23gda34v978x-runme-3.0.2"
      },
      "system": "x86_64-darwin",
      "group": "toplevel",
      "priority": 5
    },
    {
      "attr_path": "runme",
      "broken": false,
      "derivation": "/nix/store/qbliwz987kfzy26jn89bjx1nhbxn92di-runme-3.0.2.drv",
      "description": "Execute commands inside your runbooks, docs, and READMEs",
      "install_id": "runme",
      "license": "Apache-2.0",
      "locked_url": "https://github.com/flox/nixpkgs?rev=4f807e8940284ad7925ebd0a0993d2a1791acb2f",
      "name": "runme-3.0.2",
      "pname": "runme",
      "rev": "4f807e8940284ad7925ebd0a0993d2a1791acb2f",
      "rev_count": 680062,
      "rev_date": "2024-09-11T13:54:33Z",
      "scrape_date": "2024-09-14T03:13:36Z",
      "unfree": false,
      "version": "3.0.2",
      "outputs_to_install": [
        "out"
      ],
      "outputs": {
        "out": "/nix/store/1n4bzrjr8fl2kssgixbsslrlyjrhgajv-runme-3.0.2"
      },
      "system": "x86_64-linux",
      "group": "toplevel",
      "priority": 5
    }
  ]
}