{
  "lockfile-version": 1,
  "manifest": {
    "version": 1,
    "install": {
      "age": {
        "pkg-path": "age"
      },
      "biome": {
        "pkg-path": "biome"
      },
      "bun": {
        "pkg-path": "bun"
      },
      "runme": {
        "pkg-path": "runme"
      },
      "sops": {
        "pkg-path": "sops"
      }
    },
    "vars": {},
    "hook": {},
    "profile": {},
    "options": {
      "systems": [
        "aarch64-darwin",
        "aarch64-linux",
        "x86_64-darwin",
        "x86_64-linux"
      ],
      "allow": {
        "licenses": []
      },
      "semver": {}
    },
    "services": {},
    "build": {}
  },
  "packages": [
    {
      "attr_path": "age",
      "broken": false,
      "derivation": "/nix/store/05y01fh5j38q8ha1v4zgay9hlsjyb7mv-age-1.2.0.drv",
      "description": "Modern encryption tool with small explicit keys",
      "install_id": "age",
      "license": "BSD-3-Clause",
      "locked_url": "https://github.com/flox/nixpkgs?rev=4f807e8940284ad7925ebd0a0993d2a1791acb2f",
      "name": "age-1.2.0",
      "pname": "age",
      "rev": "4f807e8940284ad7925ebd0a0993d2a1791acb2f",
      "rev_count": 680062,
      "rev_date": "2024-09-11T13:54:33Z",
      "scrape_date": "2024-09-14T03:13:36Z",
      "stabilities": [
        "unstable"
      ],
      "unfree": false,
      "version": "1.2.0",
      "outputs_to_install": [
        "out"
      ],
      "outputs": {
        "out": "/nix/store/31vajb04v7ii66jj6nvz65icddp1i60l-age-1.2.0"
      },
      "system": "aarch64-darwin",
      "group": "toplevel",
      "priority": 5
    },
    {
      "attr_path": "age",
      "broken": false,
      "derivation": "/nix/store/qszqgyqlcpng6ggdj4p5bxpwqg9f30qc-age-1.2.0.drv",
      "description": "Modern encryption tool with small explicit keys",
      "install_id": "age",
      "license": "BSD-3-Clause",
      "locked_url": "https://github.com/flox/nixpkgs?rev=4f807e8940284ad7925ebd0a0993d2a1791acb2f",
      "name": "age-1.2.0",
      "pname": "age",
      "rev": "4f807e8940284ad7925ebd0a0993d2a1791acb2f",
      "rev_count": 680062,
      "rev_date": "2024-09-11T13:54:33Z",
      "scrape_date": "2024-09-14T03:13:36Z",
      "stabilities": [
        "unstable"
      ],
      "unfree": false,
      "version": "1.2.0",
      "outputs_to_install": [
        "out"
      ],
      "outputs": {
        "out": "/nix/store/c8ll79zcg647xmp2bzfbwkyw08agd4v0-age-1.2.0"
      },
      "system": "aarch64-linux",
      "group": "toplevel",
      "priority": 5
    },
    {
      "attr_path": "age",
      "broken": false,
      "derivation": "/nix/store/j7xmj4m4a1q96lr8cdpslvan43d00ai9-age-1.2.0.drv",
      "description": "Modern encryption tool with small explicit keys",
      "install_id": "age",
      "license": "BSD-3-Clause",
      "locked_url": "https://github.com/flox/nixpkgs?rev=4f807e8940284ad7925ebd0a0993d2a1791acb2f",
      "name": "age-1.2.0",
      "pname": "age",
      "rev": "4f807e8940284ad7925ebd0a0993d2a1791acb2f",
      "rev_count": 680062,
      "rev_date": "2024-09-11T13:54:33Z",
      "scrape_date": "2024-09-14T03:13:36Z",
      "stabilities": [
        "unstable"
      ],
      "unfree": false,
      "version": "1.2.0",
      "outputs_to_install": [
        "out"
      ],
      "outputs": {
        "out": "/nix/store/0svzfn9fvmz3yxn0p04k88ncd8wws7x9-age-1.2.0"
      },
      "system": "x86_64-darwin",
      "group": "toplevel",
      "priority": 5
    },
    {
      "attr_path": "age",
      "broken": false,
      "derivation": "/nix/store/sjgbfk24dhy088y3fb5xp31rni08bhr4-age-1.2.0.drv",
      "description": "Modern encryption tool with small explicit keys",
      "install_id": "age",
      "license": "BSD-3-Clause",
      "locked_url": "https://github.com/flox/nixpkgs?rev=4f807e8940284ad7925ebd0a0993d2a1791acb2f",
      "name": "age-1.2.0",
      "pname": "age",
      "rev": "4f807e8940284ad7925ebd0a0993d2a1791acb2f",
      "rev_count": 680062,
      "rev_date": "2024-09-11T13:54:33Z",
      "scrape_date": "2024-09-14T03:13:36Z",
      "stabilities": [
        "unstable"
      ],
      "unfree": false,
      "version": "1.2.0",
      "outputs_to_install": [
        "out"
      ],
      "outputs": {
        "out": "/nix/store/325xqnz1ag5nqyims11nisix7lxlssqa-age-1.2.0"
      },
      "system": "x86_64-linux",
      "group": "toplevel",
      "priority": 5
    },
    {
      "attr_path": "biome",
      "broken": false,
      "derivation": "/nix/store/p128jg3pjaix88p0y70hdzz0sh46d692-biome-1.8.3.drv",
      "description": "Toolchain of the web",
      "install_id": "biome",
      "license": "MIT",
      "locked_url": "https://github.com/flox/nixpkgs?rev=4f807e8940284ad7925ebd0a0993d2a1791acb2f",
      "name": "biome-1.8.3",
      "pname": "biome",
      "rev": "4f807e8940284ad7925ebd0a0993d2a1791acb2f",
      "rev_count": 680062,
      "rev_date": "2024-09-11T13:54:33Z",
      "scrape_date": "2024-09-14T03:13:36Z",
      "stabilities": [
        "unstable"
      ],
      "unfree": false,
      "version": "1.8.3",
      "outputs_to_install": [
        "out"
      ],
      "outputs": {
        "out": "/nix/store/29sj1kjc5zn9wnypnw504py8mfk6vbix-biome-1.8.3"
      },
      "system": "aarch64-darwin",
      "group": "toplevel",
      "priority": 5
    },
    {
      "attr_path": "biome",
      "broken": false,
      "derivation": "/nix/store/lw4d22lsiyjnrvyznam429gc4pm5rrn8-biome-1.8.3.drv",
      "description": "Toolchain of the web",
      "install_id": "biome",
      "license": "MIT",
      "locked_url": "https://github.com/flox/nixpkgs?rev=4f807e8940284ad7925ebd0a0993d2a1791acb2f",
      "name": "biome-1.8.3",
      "pname": "biome",
      "rev": "4f807e8940284ad7925ebd0a0993d2a1791acb2f",
      "rev_count": 680062,
      "rev_date": "2024-09-11T13:54:33Z",
      "scrape_date": "2024-09-14T03:13:36Z",
      "stabilities": [
        "unstable"
      ],
      "unfree": false,
      "version": "1.8.3",
      "outputs_to_install": [
        "out"
      ],
      "outputs": {
        "out": "/nix/store/ndv5w6v3i6nvf7b0v3his0rgxinkn37h-biome-1.8.3"
      },
      "system": "aarch64-linux",
      "group": "toplevel",
      "priority": 5
    },
    {
      "attr_path": "biome",
      "broken": false,
      "derivation": "/nix/store/qnbp884mf9f96n4361jwnrxxid863p28-biome-1.8.3.drv",
      "description": "Toolchain of the web",
      "install_id": "biome",
      "license": "MIT",
      "locked_url": "https://github.com/flox/nixpkgs?rev=4f807e8940284ad7925ebd0a0993d2a1791acb2f",
      "name": "biome-1.8.3",
      "pname": "biome",
      "rev": "4f807e8940284ad7925ebd0a0993d2a1791acb2f",
      "rev_count": 680062,
      "rev_date": "2024-09-11T13:54:33Z",
      "scrape_date": "2024-09-14T03:13:36Z",
      "stabilities": [
        "unstable"
      ],
      "unfree": false,
      "version": "1.8.3",
      "outputs_to_install": [
        "out"
      ],
      "outputs": {
        "out": "/nix/store/mbfw8m7g0x9vwzf14b14lbm2jmzal11l-biome-1.8.3"
      },
      "system": "x86_64-darwin",
      "group": "toplevel",
      "priority": 5
    },
    {
      "attr_path": "biome",
      "broken": false,
      "derivation": "/nix/store/f48a70ga530qrwq649zwgikp0r024jrz-biome-1.8.3.drv",
      "description": "Toolchain of the web",
      "install_id": "biome",
      "license": "MIT",
      "locked_url": "https://github.com/flox/nixpkgs?rev=4f807e8940284ad7925ebd0a0993d2a1791acb2f",
      "name": "biome-1.8.3",
      "pname": "biome",
      "rev": "4f807e8940284ad7925ebd0a0993d2a1791acb2f",
      "rev_count": 680062,
      "rev_date": "2024-09-11T13:54:33Z",
      "scrape_date": "2024-09-14T03:13:36Z",
      "stabilities": [
        "unstable"
      ],
      "unfree": false,
      "version": "1.8.3",
      "outputs_to_install": [
        "out"
      ],
      "outputs": {
        "out": "/nix/store/8phdfp7jh76flkdnv42zznk02y22a4n6-biome-1.8.3"
      },
      "system": "x86_64-linux",
      "group": "toplevel",
      "priority": 5
    },
    {
      "attr_path": "bun",
      "broken": false,
      "derivation": "/nix/store/9ka7cd8i282lsl6sm0s6wh9ijds5yf4j-bun-1.1.20.drv",
      "description": "Incredibly fast JavaScript runtime, bundler, transpiler and package manager – all in one",
      "install_id": "bun",
      "license": "[ MIT, LGPL-2.1-only ]",
      "locked_url": "https://github.com/flox/nixpkgs?rev=4f807e8940284ad7925ebd0a0993d2a1791acb2f",
      "name": "bun-1.1.20",
      "pname": "bun",
      "rev": "4f807e8940284ad7925ebd0a0993d2a1791acb2f",
      "rev_count": 680062,
      "rev_date": "2024-09-11T13:54:33Z",
      "scrape_date": "2024-09-14T03:13:36Z",
      "stabilities": [
        "unstable"
      ],
      "unfree": false,
      "version": "1.1.20",
      "outputs_to_install": [
        "out"
      ],
      "outputs": {
        "out": "/nix/store/dmqhgf7h8snab4rqsviy04rj18i3g6nk-bun-1.1.20"
      },
      "system": "aarch64-darwin",
      "group": "toplevel",
      "priority": 5
    },
    {
      "attr_path": "bun",
      "broken": false,
      "derivation": "/nix/store/vcix9g58554di6dk2g8vkji9yrc44h81-bun-1.1.20.drv",
      "description": "Incredibly fast JavaScript runtime, bundler, transpiler and package manager – all in one",
      "install_id": "bun",
      "license": "[ MIT, LGPL-2.1-only ]",
      "locked_url": "https://github.com/flox/nixpkgs?rev=4f807e8940284ad7925ebd0a0993d2a1791acb2f",
      "name": "bun-1.1.20",
      "pname": "bun",
      "rev": "4f807e8940284ad7925ebd0a0993d2a1791acb2f",
      "rev_count": 680062,
      "rev_date": "2024-09-11T13:54:33Z",
      "scrape_date": "2024-09-14T03:13:36Z",
      "stabilities": [
        "unstable"
      ],
      "unfree": false,
      "version": "1.1.20",
      "outputs_to_install": [
        "out"
      ],
      "outputs": {
        "out": "/nix/store/d7c36wqc7dmjmgb2sfgvppiwm7d8php9-bun-1.1.20"
      },
      "system": "aarch64-linux",
      "group": "toplevel",
      "priority": 5
    },
    {
      "attr_path": "bun",
      "broken": false,
      "derivation": "/nix/store/wjgcb3r1rqmjn7apkq1j7qjgvchmaj6z-bun-1.1.20.drv",
      "description": "Incredibly fast JavaScript runtime, bundler, transpiler and package manager – all in one",
      "install_id": "bun",
      "license": "[ MIT, LGPL-2.1-only ]",
      "locked_url": "https://github.com/flox/nixpkgs?rev=4f807e8940284ad7925ebd0a0993d2a1791acb2f",
      "name": "bun-1.1.20",
      "pname": "bun",
      "rev": "4f807e8940284ad7925ebd0a0993d2a1791acb2f",
      "rev_count": 680062,
      "rev_date": "2024-09-11T13:54:33Z",
      "scrape_date": "2024-09-14T03:13:36Z",
      "stabilities": [
        "unstable"
      ],
      "unfree": false,
      "version": "1.1.20",
      "outputs_to_install": [
        "out"
      ],
      "outputs": {
        "out": "/nix/store/zc1cwiahwsdm1pj7alclj53mz2bqxq00-bun-1.1.20"
      },
      "system": "x86_64-darwin",
      "group": "toplevel",
      "priority": 5
    },
    {
      "attr_path": "bun",
      "broken": false,
      "derivation": "/nix/store/bygwjsrsnk58157pl7lcs53limvbfvak-bun-1.1.20.drv",
      "description": "Incredibly fast JavaScript runtime, bundler, transpiler and package manager – all in one",
      "install_id": "bun",
      "license": "[ MIT, LGPL-2.1-only ]",
      "locked_url": "https://github.com/flox/nixpkgs?rev=4f807e8940284ad7925ebd0a0993d2a1791acb2f",
      "name": "bun-1.1.20",
      "pname": "bun",
      "rev": "4f807e8940284ad7925ebd0a0993d2a1791acb2f",
      "rev_count": 680062,
      "rev_date": "2024-09-11T13:54:33Z",
      "scrape_date": "2024-09-14T03:13:36Z",
      "stabilities": [
        "unstable"
      ],
      "unfree": false,
      "version": "1.1.20",
      "outputs_to_install": [
        "out"
      ],
      "outputs": {
        "out": "/nix/store/kyiz8i5594rwlvjb4p2yylv8m3m78xbg-bun-1.1.20"
      },
      "system": "x86_64-linux",
      "group": "toplevel",
      "priority": 5
    },
    {
      "attr_path": "runme",
      "broken": false,
      "derivation": "/nix/store/7794qpr8x1bhnc8qbr7imay2fyjshqbd-runme-3.0.2.drv",
      "description": "Execute commands inside your runbooks, docs, and READMEs",
      "install_id": "runme",
      "license": "Apache-2.0",
      "locked_url": "https://github.com/flox/nixpkgs?rev=4f807e8940284ad7925ebd0a0993d2a1791acb2f",
      "name": "runme-3.0.2",
      "pname": "runme",
      "rev": "4f807e8940284ad7925ebd0a0993d2a1791acb2f",
      "rev_count": 680062,
      "rev_date": "2024-09-11T13:54:33Z",
      "scrape_date": "2024-09-14T03:13:36Z",
      "stabilities": [
        "unstable"
      ],
      "unfree": false,
      "version": "3.0.2",
      "outputs_to_install": [
        "out"
      ],
      "outputs": {
        "out": "/nix/store/xb802c65adh11p6h6nvyvwsfbl6sc7c3-runme-3.0.2"
      },
      "system": "aarch64-darwin",
      "group": "toplevel",
      "priority": 5
    },
    {
      "attr_path": "runme",
      "broken": false,
      "derivation": "/nix/store/gzsxkwbdiz3jw5z6vj0cdmjz6ay9q4gc-runme-3.0.2.drv",
      "description": "Execute commands inside your runbooks, docs, and READMEs",
      "install_id": "runme",
      "license": "Apache-2.0",
      "locked_url": "https://github.com/flox/nixpkgs?rev=4f807e8940284ad7925ebd0a0993d2a1791acb2f",
      "name": "runme-3.0.2",
      "pname": "runme",
      "rev": "4f807e8940284ad7925ebd0a0993d2a1791acb2f",
      "rev_count": 680062,
      "rev_date": "2024-09-11T13:54:33Z",
      "scrape_date": "2024-09-14T03:13:36Z",
      "stabilities": [
        "unstable"
      ],
      "unfree": false,
      "version": "3.0.2",
      "outputs_to_install": [
        "out"
      ],
      "outputs": {
        "out": "/nix/store/74fhpxyka9k5i2k1yjmknr0f5kdmyrml-runme-3.0.2"
      },
      "system": "aarch64-linux",
      "group": "toplevel",
      "priority": 5
    },
    {
      "attr_path": "runme",
      "broken": false,
      "derivation": "/nix/store/z12q1y4k2vk55b4pviw5z5zfazr3qnr9-runme-3.0.2.drv",
      "description": "Execute commands inside your runbooks, docs, and READMEs",
      "install_id": "runme",
      "license": "Apache-2.0",
      "locked_url": "https://github.com/flox/nixpkgs?rev=4f807e8940284ad7925ebd0a0993d2a1791acb2f",
      "name": "runme-3.0.2",
      "pname": "runme",
      "rev": "4f807e8940284ad7925ebd0a0993d2a1791acb2f",
      "rev_count": 680062,
      "rev_date": "2024-09-11T13:54:33Z",
      "scrape_date": "2024-09-14T03:13:36Z",
      "stabilities": [
        "unstable"
      ],
      "unfree": false,
      "version": "3.0.2",
      "outputs_to_install": [
        "out"
      ],
      "outputs": {
        "out": "/nix/store/k2l2d72jyfvf4h6g06rq23gda34v978x-runme-3.0.2"
      },
      "system": "x86_64-darwin",
      "group": "toplevel",
      "priority": 5
    },
    {
      "attr_path": "runme",
      "broken": false,
      "derivation": "/nix/store/qbliwz987kfzy26jn89bjx1nhbxn92di-runme-3.0.2.drv",
      "description": "Execute commands inside your runbooks, docs, and READMEs",
      "install_id": "runme",
      "license": "Apache-2.0",
      "locked_url": "https://github.com/flox/nixpkgs?rev=4f807e8940284ad7925ebd0a0993d2a1791acb2f",
      "name": "runme-3.0.2",
      "pname": "runme",
      "rev": "4f807e8940284ad7925ebd0a0993d2a1791acb2f",
      "rev_count": 680062,
      "rev_date": "2024-09-11T13:54:33Z",
      "scrape_date": "2024-09-14T03:13:36Z",
      "stabilities": [
        "unstable"
      ],
      "unfree": false,
      "version": "3.0.2",
      "outputs_to_install": [
        "out"
      ],
      "outputs": {
        "out": "/nix/store/1n4bzrjr8fl2kssgixbsslrlyjrhgajv-runme-3.0.2"
      },
      "system": "x86_64-linux",
      "group": "toplevel",
      "priority": 5
    },
    {
      "attr_path": "sops",
      "broken": false,
      "derivation": "/nix/store/2hnp11vlb4lza56iydqcvsaimgphpbvn-sops-3.9.0.drv",
      "description": "Simple and flexible tool for managing secrets",
      "install_id": "sops",
      "license": "MPL-2.0",
      "locked_url": "https://github.com/flox/nixpkgs?rev=4f807e8940284ad7925ebd0a0993d2a1791acb2f",
      "name": "sops-3.9.0",
      "pname": "sops",
      "rev": "4f807e8940284ad7925ebd0a0993d2a1791acb2f",
      "rev_count": 680062,
      "rev_date": "2024-09-11T13:54:33Z",
      "scrape_date": "2024-09-14T03:13:36Z",
      "stabilities": [
        "unstable"
      ],
      "unfree": false,
      "version": "3.9.0",
      "outputs_to_install": [
        "out"
      ],
      "outputs": {
        "out": "/nix/store/cdzzn5rmjnr48yq0808jaz8n23pk3bv9-sops-3.9.0"
      },
      "system": "aarch64-darwin",
      "group": "toplevel",
      "priority": 5
    },
    {
      "attr_path": "sops",
      "broken": false,
      "derivation": "/nix/store/qhgsyd6i1lgpr26a5gznjslf7477g54x-sops-3.9.0.drv",
      "description": "Simple and flexible tool for managing secrets",
      "install_id": "sops",
      "license": "MPL-2.0",
      "locked_url": "https://github.com/flox/nixpkgs?rev=4f807e8940284ad7925ebd0a0993d2a1791acb2f",
      "name": "sops-3.9.0",
      "pname": "sops",
      "rev": "4f807e8940284ad7925ebd0a0993d2a1791acb2f",
      "rev_count": 680062,
      "rev_date": "2024-09-11T13:54:33Z",
      "scrape_date": "2024-09-14T03:13:36Z",
      "stabilities": [
        "unstable"
      ],
      "unfree": false,
      "version": "3.9.0",
      "outputs_to_install": [
        "out"
      ],
      "outputs": {
        "out": "/nix/store/5da8mgsqz0yxnawn4mii4qlpl5nw8iiw-sops-3.9.0"
      },
      "system": "aarch64-linux",
      "group": "toplevel",
      "priority": 5
    },
    {
      "attr_path": "sops",
      "broken": false,
      "derivation": "/nix/store/prw0dzvnsn9a32x12asav6z8cw7gwyil-sops-3.9.0.drv",
      "description": "Simple and flexible tool for managing secrets",
      "install_id": "sops",
      "license": "MPL-2.0",
      "locked_url": "https://github.com/flox/nixpkgs?rev=4f807e8940284ad7925ebd0a0993d2a1791acb2f",
      "name": "sops-3.9.0",
      "pname": "sops",
      "rev": "4f807e8940284ad7925ebd0a0993d2a1791acb2f",
      "rev_count": 680062,
      "rev_date": "2024-09-11T13:54:33Z",
      "scrape_date": "2024-09-14T03:13:36Z",
      "stabilities": [
        "unstable"
      ],
      "unfree": false,
      "version": "3.9.0",
      "outputs_to_install": [
        "out"
      ],
      "outputs": {
        "out": "/nix/store/87bk5sl3x0ckq7rxhjnmjchfgbxyv4i4-sops-3.9.0"
      },
      "system": "x86_64-darwin",
      "group": "toplevel",
      "priority": 5
    },
    {
      "attr_path": "sops",
      "broken": false,
      "derivation": "/nix/store/484s6hg8q9flhzd2ni99xl17jnrnk8d9-sops-3.9.0.drv",
      "description": "Simple and flexible tool for managing secrets",
      "install_id": "sops",
      "license": "MPL-2.0",
      "locked_url": "https://github.com/flox/nixpkgs?rev=4f807e8940284ad7925ebd0a0993d2a1791acb2f",
      "name": "sops-3.9.0",
      "pname": "sops",
      "rev": "4f807e8940284ad7925ebd0a0993d2a1791acb2f",
      "rev_count": 680062,
      "rev_date": "2024-09-11T13:54:33Z",
      "scrape_date": "2024-09-14T03:13:36Z",
      "stabilities": [
        "unstable"
      ],
      "unfree": false,
      "version": "3.9.0",
      "outputs_to_install": [
        "out"
      ],
      "outputs": {
        "out": "/nix/store/b4lxdfgfk5lcj4cxyvypim13skk905r4-sops-3.9.0"
      },
      "system": "x86_64-linux",
      "group": "toplevel",
      "priority": 5
    }
  ]
}