{
  "lockfile-version": 1,
  "manifest": {
    "version": 1,
    "install": {
      "runme": {
        "pkg-path": "runme"
      }
    },
    "hook": {},
    "profile": {},
    "options": {
      "systems": [
        "aarch64-darwin",
        "aarch64-linux",
        "x86_64-darwin",
        "x86_64-linux"
      ],
      "allow": {
        "licenses": []
      },
      "semver": {}
    }
  },
  "packages": [
    {
      "attr_path": "runme",
      "broken": false,
      "derivation": "/nix/store/1q7nfrbq9clf7y8ks487d7c3r2zkcsrd-runme-3.8.3.drv",
      "description": "Execute commands inside your runbooks, docs, and READMEs",
      "install_id": "runme",
      "license": "Apache-2.0",
      "locked_url": "https://github.com/flox/nixpkgs?rev=0196c0175e9191c474c26ab5548db27ef5d34b05",
      "name": "runme-3.8.3",
      "pname": "runme",
      "rev": "0196c0175e9191c474c26ab5548db27ef5d34b05",
      "rev_count": 758135,
      "rev_date": "2025-02-24T03:24:50Z",
      "scrape_date": "2025-02-25T02:25:54Z",
      "stabilities": [
        "unstable"
      ],
      "unfree": false,
      "version": "3.8.3",
      "outputs_to_install": [
        "out"
      ],
      "outputs": {
        "out": "/nix/store/fkw1wzn3255y1mb42g0a3x6d2wpsv63k-runme-3.8.3"
      },
      "system": "aarch64-darwin",
      "group": "toplevel",
      "priority": 5
    },
    {
      "attr_path": "runme",
      "broken": false,
      "derivation": "/nix/store/gfalbda0cpxrg8l9397b3aq3hhz2c341-runme-3.8.3.drv",
      "description": "Execute commands inside your runbooks, docs, and READMEs",
      "install_id": "runme",
      "license": "Apache-2.0",
      "locked_url": "https://github.com/flox/nixpkgs?rev=0196c0175e9191c474c26ab5548db27ef5d34b05",
      "name": "runme-3.8.3",
      "pname": "runme",
      "rev": "0196c0175e9191c474c26ab5548db27ef5d34b05",
      "rev_count": 758135,
      "rev_date": "2025-02-24T03:24:50Z",
      "scrape_date": "2025-02-25T02:25:54Z",
      "stabilities": [
        "unstable"
      ],
      "unfree": false,
      "version": "3.8.3",
      "outputs_to_install": [
        "out"
      ],
      "outputs": {
        "out": "/nix/store/pjbbs5bl6k3q79rq26r6cdyr2682xij2-runme-3.8.3"
      },
      "system": "aarch64-linux",
      "group": "toplevel",
      "priority": 5
    },
    {
      "attr_path": "runme",
      "broken": false,
      "derivation": "/nix/store/k3cy2yv643gfrm8w2dalxzhahgqaid67-runme-3.8.3.drv",
      "description": "Execute commands inside your runbooks, docs, and READMEs",
      "install_id": "runme",
      "license": "Apache-2.0",
      "locked_url": "https://github.com/flox/nixpkgs?rev=0196c0175e9191c474c26ab5548db27ef5d34b05",
      "name": "runme-3.8.3",
      "pname": "runme",
      "rev": "0196c0175e9191c474c26ab5548db27ef5d34b05",
      "rev_count": 758135,
      "rev_date": "2025-02-24T03:24:50Z",
      "scrape_date": "2025-02-25T02:25:54Z",
      "stabilities": [
        "unstable"
      ],
      "unfree": false,
      "version": "3.8.3",
      "outputs_to_install": [
        "out"
      ],
      "outputs": {
        "out": "/nix/store/lhbg9n9ngm6wy2jc9k6wpwbh2kbvjgpk-runme-3.8.3"
      },
      "system": "x86_64-darwin",
      "group": "toplevel",
      "priority": 5
    },
    {
      "attr_path": "runme",
      "broken": false,
      "derivation": "/nix/store/gn10q7ambv7ccqfnapv2009wsl1q60l0-runme-3.8.3.drv",
      "description": "Execute commands inside your runbooks, docs, and READMEs",
      "install_id": "runme",
      "license": "Apache-2.0",
      "locked_url": "https://github.com/flox/nixpkgs?rev=0196c0175e9191c474c26ab5548db27ef5d34b05",
      "name": "runme-3.8.3",
      "pname": "runme",
      "rev": "0196c0175e9191c474c26ab5548db27ef5d34b05",
      "rev_count": 758135,
      "rev_date": "2025-02-24T03:24:50Z",
      "scrape_date": "2025-02-25T02:25:54Z",
      "stabilities": [
        "unstable"
      ],
      "unfree": false,
      "version": "3.8.3",
      "outputs_to_install": [
        "out"
      ],
      "outputs": {
        "out": "/nix/store/2kgwfvz90l5csn6gqkix3xinqvmgfmar-runme-3.8.3"
      },
      "system": "x86_64-linux",
      "group": "toplevel",
      "priority": 5
    }
  ]
}