{
  "version": "4",
  "specifiers": {
    "jsr:@maxim-mazurok/sax-ts@1.2.13": "1.2.13",
    "jsr:@mikaelporttila/rss@^1.1.1": "1.1.1",
    "jsr:@std/assert@1": "1.0.7",
    "jsr:@std/internal@^1.0.5": "1.0.5",
    "npm:@types/turndown@^5.0.5": "5.0.5",
    "npm:feedparser@^2.2.10": "2.2.10",
    "npm:turndown@^7.2.0": "7.2.0",
    "npm:zulip-js@^2.1.0": "2.1.0"
  },
  "jsr": {
    "@maxim-mazurok/sax-ts@1.2.13": {
      "integrity": "9f2f9a3ac1b142400940a4c9e916656fe63d4710a78102aeb8e08e863de2c76d"
    },
    "@mikaelporttila/rss@1.1.1": {
      "integrity": "f07d7a5a269398f00efd6913d14a92defa55bcb66a4de196a5a5c99ec9df4b8b",
      "dependencies": [
        "jsr:@maxim-mazurok/sax-ts"
      ]
    },
    "@std/assert@1.0.7": {
      "integrity": "64ce9fac879e0b9f3042a89b3c3f8ccfc9c984391af19e2087513a79d73e28c3",
      "dependencies": [
        "jsr:@std/internal"
      ]
    },
    "@std/internal@1.0.5": {
      "integrity": "54a546004f769c1ac9e025abd15a76b6671ddc9687e2313b67376125650dc7ba"
    }
  },
  "npm": {
    "@babel/runtime@7.26.0": {
      "integrity": "sha512-FDSOghenHTiToteC/QRlv2q3DhPZ/oOXTBoirfWNx1Cx3TMVcGWQtMMmQcSvb/JjpNeGzx8Pq/b4fKEJuWm1sw==",
      "dependencies": [
        "regenerator-runtime"
      ]
    },
    "@mixmark-io/domino@2.2.0": {
      "integrity": "sha512-Y28PR25bHXUg88kCV7nivXrP2Nj2RueZ3/l/jdx6J9f8J4nsEGcgX0Qe6lt7Pa+J79+kPiJU3LguR6O/6zrLOw=="
    },
    "@types/turndown@5.0.5": {
      "integrity": "sha512-TL2IgGgc7B5j78rIccBtlYAnkuv8nUQqhQc+DSYV5j9Be9XOcm/SKOVRuA47xAVI3680Tk9B1d8flK2GWT2+4w=="
    },
    "addressparser@1.0.1": {
      "integrity": "sha512-aQX7AISOMM7HFE0iZ3+YnD07oIeJqWGVnJ+ZIKaBZAk03ftmVYVqsGas/rbXKR21n4D/hKCSHypvcyOkds/xzg=="
    },
    "array-indexofobject@0.0.1": {
      "integrity": "sha512-tpdPBIBm4TMNxSp8O3pZgC7mF4+wn9SmJlhE+7bi5so6x39PvzUqChQMbv93R5ilYGZ1HV+Neki4IH/i+87AoQ=="
    },
    "asynckit@0.4.0": {
      "integrity": "sha512-Oei9OH4tRh0YqU3GxhX79dM/mwVgvbZJaSNaRk+bshkj0S5cfHcgYakreBjrHwatXKbz+IoIdYLxrKim2MjW0Q=="
    },
    "combined-stream@1.0.8": {
      "integrity": "sha512-FQN4MRfuJeHf7cBbBMJFXhKSDq+2kAArBlmRBvcvFE5BB1HZKXtSFASDhdlz9zOYwxh8lDdnvmMOe/+5cdoEdg==",
      "dependencies": [
        "delayed-stream"
      ]
    },
    "core-util-is@1.0.3": {
      "integrity": "sha512-ZQBvi1DcpJ4GDqanjucZ2Hj3wEO5pZDS89BWbkcrvdxksJorwUDDZamX9ldFkp9aw2lmBDLgkObEA4DWNJ9FYQ=="
    },
    "delayed-stream@1.0.0": {
      "integrity": "sha512-ZySD7Nf91aLB0RxL4KGrKHBXl7Eds1DAmEdcoVawXnLD7SDhpNgtuII2aAkg7a7QS41jxPSZ17p4VdGnMHk3MQ=="
    },
    "feedparser@2.2.10": {
      "integrity": "sha512-WoAOooa61V8/xuKMi2pEtK86qQ3ZH/M72EEGdqlOTxxb3m6ve1NPvZcmPFs3wEDfcBbFLId2GqZ4YjsYi+h1xA==",
      "dependencies": [
        "addressparser",
        "array-indexofobject",
        "lodash.assign",
        "lodash.get",
        "lodash.has",
        "lodash.uniq",
        "mri",
        "readable-stream",
        "sax"
      ]
    },
    "form-data@2.5.2": {
      "integrity": "sha512-GgwY0PS7DbXqajuGf4OYlsrIu3zgxD6Vvql43IBhm6MahqA5SK/7mwhtNj2AdH2z35YR34ujJ7BN+3fFC3jP5Q==",
      "dependencies": [
        "asynckit",
        "combined-stream",
        "mime-types",
        "safe-buffer@5.2.1"
      ]
    },
    "inherits@2.0.4": {
      "integrity": "sha512-k/vGaX4/Yla3WzyMCvTQOXYeIHvqOKtnqBduzTHpzpQZzAskKMhZ2K+EnBiSM9zGSoIFeMpXKxa4dYeZIQqewQ=="
    },
    "ini@5.0.0": {
      "integrity": "sha512-+N0ngpO3e7cRUWOJAS7qw0IZIVc6XPrW4MlFBdD066F2L4k1L6ker3hLqSq7iXxU5tgS4WGkIUElWn5vogAEnw=="
    },
    "isarray@1.0.0": {
      "integrity": "sha512-VLghIWNM6ELQzo7zwmcg0NmTVyWKYjvIeM83yjp0wRDTmUnrM678fQbcKBo6n2CJEF0szoG//ytg+TKla89ALQ=="
    },
    "isomorphic-fetch@3.0.0": {
      "integrity": "sha512-qvUtwJ3j6qwsF3jLxkZ72qCgjMysPzDfeV240JHiGZsANBYd+EEuu35v7dfrJ9Up0Ak07D7GGSkGhCHTqg/5wA==",
      "dependencies": [
        "node-fetch",
        "whatwg-fetch"
      ]
    },
    "isomorphic-form-data@2.0.0": {
      "integrity": "sha512-TYgVnXWeESVmQSg4GLVbalmQ+B4NPi/H4eWxqALKj63KsUrcu301YDjBqaOw3h+cbak7Na4Xyps3BiptHtxTfg==",
      "dependencies": [
        "form-data"
      ]
    },
    "lodash.assign@4.2.0": {
      "integrity": "sha512-hFuH8TY+Yji7Eja3mGiuAxBqLagejScbG8GbG0j6o9vzn0YL14My+ktnqtZgFTosKymC9/44wP6s7xyuLfnClw=="
    },
    "lodash.get@4.4.2": {
      "integrity": "sha512-z+Uw/vLuy6gQe8cfaFWD7p0wVv8fJl3mbzXh33RS+0oW2wvUqiRXiQ69gLWSLpgB5/6sU+r6BlQR0MBILadqTQ=="
    },
    "lodash.has@4.5.2": {
      "integrity": "sha512-rnYUdIo6xRCJnQmbVFEwcxF144erlD+M3YcJUVesflU9paQaE8p+fJDcIQrlMYbxoANFL+AB9hZrzSBBk5PL+g=="
    },
    "lodash.uniq@4.5.0": {
      "integrity": "sha512-xfBaXQd9ryd9dlSDvnvI0lvxfLJlYAZzXomUYzLKtUeOQvOP5piqAWuGtrhWeqaXK9hhoM/iyJc5AV+XfsX3HQ=="
    },
    "mime-db@1.52.0": {
      "integrity": "sha512-sPU4uV7dYlvtWJxwwxHD0PuihVNiE7TyAbQ5SWxDCB9mUYvOgroQOwYQQOKPJ8CIbE+1ETVlOoK1UC2nU3gYvg=="
    },
    "mime-types@2.1.35": {
      "integrity": "sha512-ZDY+bPm5zTTF+YpCrAU9nK0UgICYPT0QtT1NZWFv4s++TNkcgVaT0g6+4R2uI4MjQjzysHB1zxuWL50hzaeXiw==",
      "dependencies": [
        "mime-db"
      ]
    },
    "mri@1.2.0": {
      "integrity": "sha512-tzzskb3bG8LvYGFF/mDTpq3jpI6Q9wc3LEmBaghu+DdCssd1FakN7Bc0hVNmEyGq1bq3RgfkCb3cmQLpNPOroA=="
    },
    "node-fetch@2.7.0": {
      "integrity": "sha512-c4FRfUm/dbcWZ7U+1Wq0AwCyFL+3nt2bEw05wfxSz+DWpWsitgmSgYmy2dQdWyKC1694ELPqMs/YzUSNozLt8A==",
      "dependencies": [
        "whatwg-url"
      ]
    },
    "process-nextick-args@2.0.1": {
      "integrity": "sha512-3ouUOpQhtgrbOa17J7+uxOTpITYWaGP7/AhoR3+A+/1e9skrzelGi/dXzEYyvbxubEF6Wn2ypscTKiKJFFn1ag=="
    },
    "readable-stream@2.3.8": {
      "integrity": "sha512-8p0AUk4XODgIewSi0l8Epjs+EVnWiK7NoDIEGU0HhE7+ZyY8D1IMY7odu5lRrFXGg71L15KG8QrPmum45RTtdA==",
      "dependencies": [
        "core-util-is",
        "inherits",
        "isarray",
        "process-nextick-args",
        "safe-buffer@5.1.2",
        "string_decoder",
        "util-deprecate"
      ]
    },
    "regenerator-runtime@0.14.1": {
      "integrity": "sha512-dYnhHh0nJoMfnkZs6GmmhFknAGRrLznOu5nc9ML+EJxGvrx6H7teuevqVqCuPcPK//3eDrrjQhehXVx9cnkGdw=="
    },
    "safe-buffer@5.1.2": {
      "integrity": "sha512-Gd2UZBJDkXlY7GbJxfsE8/nvKkUEU1G38c1siN6QP6a9PT9MmHB8GnpscSmMJSoF8LOIrt8ud/wPtojys4G6+g=="
    },
    "safe-buffer@5.2.1": {
      "integrity": "sha512-rp3So07KcdmmKbGvgaNxQSJr7bGVSVk5S9Eq1F+ppbRo70+YeaDxkw5Dd8NPN+GD6bjnYm2VuPuCXmpuYvmCXQ=="
    },
    "sax@1.4.1": {
      "integrity": "sha512-+aWOz7yVScEGoKNd4PA10LZ8sk0A/z5+nXQG5giUO5rprX9jgYsTdov9qCchZiPIZezbZH+jRut8nPodFAX4Jg=="
    },
    "string_decoder@1.1.1": {
      "integrity": "sha512-n/ShnvDi6FHbbVfviro+WojiFzv+s8MPMHBczVePfUpDJLwoLT0ht1l4YwBCbi8pJAveEEdnkHyPyTP/mzRfwg==",
      "dependencies": [
        "safe-buffer@5.1.2"
      ]
    },
    "tr46@0.0.3": {
      "integrity": "sha512-N3WMsuqV66lT30CrXNbEjx4GEwlow3v6rr4mCcv6prnfwhS01rkgyFdjPNBYd9br7LpXV1+Emh01fHnq2Gdgrw=="
    },
    "turndown@7.2.0": {
      "integrity": "sha512-eCZGBN4nNNqM9Owkv9HAtWRYfLA4h909E/WGAWWBpmB275ehNhZyk87/Tpvjbp0jjNl9XwCsbe6bm6CqFsgD+A==",
      "dependencies": [
        "@mixmark-io/domino"
      ]
    },
    "util-deprecate@1.0.2": {
      "integrity": "sha512-EPD5q1uXyFxJpCrLnCc1nHnq3gOa6DZBocAIiI2TaSCA7VCJ1UJDMagCzIkXNsUYfD1daK//LTEQ8xiIbrHtcw=="
    },
    "webidl-conversions@3.0.1": {
      "integrity": "sha512-2JAn3z8AR6rjK8Sm8orRC0h/bcl/DqL7tRPdGZ4I1CjdF+EaMLmYxBHyXuKL849eucPFhvBoxMsflfOb8kxaeQ=="
    },
    "whatwg-fetch@3.6.20": {
      "integrity": "sha512-EqhiFU6daOA8kpjOWTL0olhVOF3i7OrFzSYiGsEMB8GcXS+RrzauAERX65xMeNWVqxA6HXH2m69Z9LaKKdisfg=="
    },
    "whatwg-url@5.0.0": {
      "integrity": "sha512-saE57nupxk6v3HY35+jzBwYa0rKSy0XR8JSxZPwgLr7ys0IBzhGviA1/TUGJLmSVqs8pb9AnvICXEuOHLprYTw==",
      "dependencies": [
        "tr46",
        "webidl-conversions"
      ]
    },
    "zulip-js@2.1.0": {
      "integrity": "sha512-kLdxzJZ/FvWHBotUJl7LXCHIkShTjy1FUk5HAWfsal1TM+hw0atCZwgasCpvFDBj01y+39ZEZXgjePaie74Xhg==",
      "dependencies": [
        "@babel/runtime",
        "ini",
        "isomorphic-fetch",
        "isomorphic-form-data"
      ]
    }
  },
  "workspace": {
    "dependencies": [
      "jsr:@mikaelporttila/rss@^1.1.1",
      "jsr:@std/assert@1",
      "npm:@types/turndown@^5.0.5",
      "npm:feedparser@^2.2.10",
      "npm:turndown@^7.2.0",
      "npm:zulip-js@^2.1.0"
    ]
  }
}
