{
  "lockfile-version": 1,
  "manifest": {
    "version": 1,
    "install": {
      "fluxcd": {
        "pkg-path": "fluxcd"
      },
      "flyctl": {
        "pkg-path": "flyctl"
      },
      "oras": {
        "pkg-path": "oras"
      }
    },
    "hook": {},
    "profile": {},
    "options": {
      "systems": [
        "aarch64-darwin",
        "aarch64-linux",
        "x86_64-darwin",
        "x86_64-linux"
      ],
      "allow": {
        "licenses": []
      },
      "semver": {}
    }
  },
  "packages": [
    {
      "attr_path": "fluxcd",
      "broken": false,
      "derivation": "/nix/store/agcx1kh48rbm6z9via75f9scgsjb7a71-fluxcd-2.3.0.drv",
      "description": "Open and extensible continuous delivery solution for Kubernetes",
      "install_id": "fluxcd",
      "license": "Apache-2.0",
      "locked_url": "https://github.com/flox/nixpkgs?rev=c31898adf5a8ed202ce5bea9f347b1c6871f32d1",
      "name": "fluxcd-2.3.0",
      "pname": "fluxcd",
      "rev": "c31898adf5a8ed202ce5bea9f347b1c6871f32d1",
      "rev_count": 689866,
      "rev_date": "2024-10-06T19:07:05Z",
      "scrape_date": "2024-10-09T03:51:54Z",
      "unfree": false,
      "version": "2.3.0",
      "outputs_to_install": [
        "out"
      ],
      "outputs": {
        "out": "/nix/store/kc2ssazr6w9iwjw6mi6jr3bbi771z72k-fluxcd-2.3.0"
      },
      "system": "aarch64-darwin",
      "group": "toplevel",
      "priority": 5
    },
    {
      "attr_path": "fluxcd",
      "broken": false,
      "derivation": "/nix/store/j5c54i2vvk01gg59b7ak0lm2qkciy5m9-fluxcd-2.3.0.drv",
      "description": "Open and extensible continuous delivery solution for Kubernetes",
      "install_id": "fluxcd",
      "license": "Apache-2.0",
      "locked_url": "https://github.com/flox/nixpkgs?rev=c31898adf5a8ed202ce5bea9f347b1c6871f32d1",
      "name": "fluxcd-2.3.0",
      "pname": "fluxcd",
      "rev": "c31898adf5a8ed202ce5bea9f347b1c6871f32d1",
      "rev_count": 689866,
      "rev_date": "2024-10-06T19:07:05Z",
      "scrape_date": "2024-10-09T03:51:54Z",
      "unfree": false,
      "version": "2.3.0",
      "outputs_to_install": [
        "out"
      ],
      "outputs": {
        "out": "/nix/store/dc4h6c8qndm3mg3w2a27s82h13y6kl68-fluxcd-2.3.0"
      },
      "system": "aarch64-linux",
      "group": "toplevel",
      "priority": 5
    },
    {
      "attr_path": "fluxcd",
      "broken": false,
      "derivation": "/nix/store/c1afqhn5yf1rd24gqfj7fizznnqrlw48-fluxcd-2.3.0.drv",
      "description": "Open and extensible continuous delivery solution for Kubernetes",
      "install_id": "fluxcd",
      "license": "Apache-2.0",
      "locked_url": "https://github.com/flox/nixpkgs?rev=c31898adf5a8ed202ce5bea9f347b1c6871f32d1",
      "name": "fluxcd-2.3.0",
      "pname": "fluxcd",
      "rev": "c31898adf5a8ed202ce5bea9f347b1c6871f32d1",
      "rev_count": 689866,
      "rev_date": "2024-10-06T19:07:05Z",
      "scrape_date": "2024-10-09T03:51:54Z",
      "unfree": false,
      "version": "2.3.0",
      "outputs_to_install": [
        "out"
      ],
      "outputs": {
        "out": "/nix/store/9mr442b123pvqhgrfrkdlaz74s39fiy9-fluxcd-2.3.0"
      },
      "system": "x86_64-darwin",
      "group": "toplevel",
      "priority": 5
    },
    {
      "attr_path": "fluxcd",
      "broken": false,
      "derivation": "/nix/store/vx6k91bza9q8iasjz44qbgvcdkzhkvpw-fluxcd-2.3.0.drv",
      "description": "Open and extensible continuous delivery solution for Kubernetes",
      "install_id": "fluxcd",
      "license": "Apache-2.0",
      "locked_url": "https://github.com/flox/nixpkgs?rev=c31898adf5a8ed202ce5bea9f347b1c6871f32d1",
      "name": "fluxcd-2.3.0",
      "pname": "fluxcd",
      "rev": "c31898adf5a8ed202ce5bea9f347b1c6871f32d1",
      "rev_count": 689866,
      "rev_date": "2024-10-06T19:07:05Z",
      "scrape_date": "2024-10-09T03:51:54Z",
      "unfree": false,
      "version": "2.3.0",
      "outputs_to_install": [
        "out"
      ],
      "outputs": {
        "out": "/nix/store/jc6rnjn1ppps1qmadsfjzs9r0w1smcvj-fluxcd-2.3.0"
      },
      "system": "x86_64-linux",
      "group": "toplevel",
      "priority": 5
    },
    {
      "attr_path": "flyctl",
      "broken": false,
      "derivation": "/nix/store/xhr9v4pkz3n166y9fcnfnkngxhzpmhj6-flyctl-0.3.10.drv",
      "description": "Command line tools for fly.io services",
      "install_id": "flyctl",
      "license": "Apache-2.0",
      "locked_url": "https://github.com/flox/nixpkgs?rev=c31898adf5a8ed202ce5bea9f347b1c6871f32d1",
      "name": "flyctl-0.3.10",
      "pname": "flyctl",
      "rev": "c31898adf5a8ed202ce5bea9f347b1c6871f32d1",
      "rev_count": 689866,
      "rev_date": "2024-10-06T19:07:05Z",
      "scrape_date": "2024-10-09T03:51:54Z",
      "unfree": false,
      "version": "0.3.10",
      "outputs_to_install": [
        "out"
      ],
      "outputs": {
        "out": "/nix/store/mxqk4zbx1gdkpzz7vqi975f452bwm7vi-flyctl-0.3.10"
      },
      "system": "aarch64-darwin",
      "group": "toplevel",
      "priority": 5
    },
    {
      "attr_path": "flyctl",
      "broken": false,
      "derivation": "/nix/store/ychp2lrw7m2gp28cwi16c89dzv0lj02j-flyctl-0.3.10.drv",
      "description": "Command line tools for fly.io services",
      "install_id": "flyctl",
      "license": "Apache-2.0",
      "locked_url": "https://github.com/flox/nixpkgs?rev=c31898adf5a8ed202ce5bea9f347b1c6871f32d1",
      "name": "flyctl-0.3.10",
      "pname": "flyctl",
      "rev": "c31898adf5a8ed202ce5bea9f347b1c6871f32d1",
      "rev_count": 689866,
      "rev_date": "2024-10-06T19:07:05Z",
      "scrape_date": "2024-10-09T03:51:54Z",
      "unfree": false,
      "version": "0.3.10",
      "outputs_to_install": [
        "out"
      ],
      "outputs": {
        "out": "/nix/store/3n7x03hrcm617r7nnpa6r9larydim5jl-flyctl-0.3.10"
      },
      "system": "aarch64-linux",
      "group": "toplevel",
      "priority": 5
    },
    {
      "attr_path": "flyctl",
      "broken": false,
      "derivation": "/nix/store/5g1vhhb3nzv77aj64g96f3jykjylh1yj-flyctl-0.3.10.drv",
      "description": "Command line tools for fly.io services",
      "install_id": "flyctl",
      "license": "Apache-2.0",
      "locked_url": "https://github.com/flox/nixpkgs?rev=c31898adf5a8ed202ce5bea9f347b1c6871f32d1",
      "name": "flyctl-0.3.10",
      "pname": "flyctl",
      "rev": "c31898adf5a8ed202ce5bea9f347b1c6871f32d1",
      "rev_count": 689866,
      "rev_date": "2024-10-06T19:07:05Z",
      "scrape_date": "2024-10-09T03:51:54Z",
      "unfree": false,
      "version": "0.3.10",
      "outputs_to_install": [
        "out"
      ],
      "outputs": {
        "out": "/nix/store/9ijr0hh5xp2lvm1vxvrjhy51cac4pg3z-flyctl-0.3.10"
      },
      "system": "x86_64-darwin",
      "group": "toplevel",
      "priority": 5
    },
    {
      "attr_path": "flyctl",
      "broken": false,
      "derivation": "/nix/store/g7bq0laj4cdwdqzbklgcaaxka4lxvyil-flyctl-0.3.10.drv",
      "description": "Command line tools for fly.io services",
      "install_id": "flyctl",
      "license": "Apache-2.0",
      "locked_url": "https://github.com/flox/nixpkgs?rev=c31898adf5a8ed202ce5bea9f347b1c6871f32d1",
      "name": "flyctl-0.3.10",
      "pname": "flyctl",
      "rev": "c31898adf5a8ed202ce5bea9f347b1c6871f32d1",
      "rev_count": 689866,
      "rev_date": "2024-10-06T19:07:05Z",
      "scrape_date": "2024-10-09T03:51:54Z",
      "unfree": false,
      "version": "0.3.10",
      "outputs_to_install": [
        "out"
      ],
      "outputs": {
        "out": "/nix/store/isk7c5fh972c0w85mq14h6xzbm4faw3p-flyctl-0.3.10"
      },
      "system": "x86_64-linux",
      "group": "toplevel",
      "priority": 5
    },
    {
      "attr_path": "oras",
      "broken": false,
      "derivation": "/nix/store/953793vjqqvp58rxxf1m8s4dhv605mfm-oras-1.2.0.drv",
      "description": "ORAS project provides a way to push and pull OCI Artifacts to and from OCI Registries",
      "install_id": "oras",
      "license": "Apache-2.0",
      "locked_url": "https://github.com/flox/nixpkgs?rev=c31898adf5a8ed202ce5bea9f347b1c6871f32d1",
      "name": "oras-1.2.0",
      "pname": "oras",
      "rev": "c31898adf5a8ed202ce5bea9f347b1c6871f32d1",
      "rev_count": 689866,
      "rev_date": "2024-10-06T19:07:05Z",
      "scrape_date": "2024-10-09T03:51:54Z",
      "unfree": false,
      "version": "1.2.0",
      "outputs_to_install": [
        "out"
      ],
      "outputs": {
        "out": "/nix/store/7x1q4cd4233mv9993qbx5ac84w8718bi-oras-1.2.0"
      },
      "system": "aarch64-darwin",
      "group": "toplevel",
      "priority": 5
    },
    {
      "attr_path": "oras",
      "broken": false,
      "derivation": "/nix/store/5grf96pp29w9s9xd7h96phbpaq3b65cw-oras-1.2.0.drv",
      "description": "ORAS project provides a way to push and pull OCI Artifacts to and from OCI Registries",
      "install_id": "oras",
      "license": "Apache-2.0",
      "locked_url": "https://github.com/flox/nixpkgs?rev=c31898adf5a8ed202ce5bea9f347b1c6871f32d1",
      "name": "oras-1.2.0",
      "pname": "oras",
      "rev": "c31898adf5a8ed202ce5bea9f347b1c6871f32d1",
      "rev_count": 689866,
      "rev_date": "2024-10-06T19:07:05Z",
      "scrape_date": "2024-10-09T03:51:54Z",
      "unfree": false,
      "version": "1.2.0",
      "outputs_to_install": [
        "out"
      ],
      "outputs": {
        "out": "/nix/store/bwh1q9davjsq9knw19v1wbbka8qcfvbj-oras-1.2.0"
      },
      "system": "aarch64-linux",
      "group": "toplevel",
      "priority": 5
    },
    {
      "attr_path": "oras",
      "broken": false,
      "derivation": "/nix/store/d94kmhp4nq1isxds23kpj7a2qlksaiis-oras-1.2.0.drv",
      "description": "ORAS project provides a way to push and pull OCI Artifacts to and from OCI Registries",
      "install_id": "oras",
      "license": "Apache-2.0",
      "locked_url": "https://github.com/flox/nixpkgs?rev=c31898adf5a8ed202ce5bea9f347b1c6871f32d1",
      "name": "oras-1.2.0",
      "pname": "oras",
      "rev": "c31898adf5a8ed202ce5bea9f347b1c6871f32d1",
      "rev_count": 689866,
      "rev_date": "2024-10-06T19:07:05Z",
      "scrape_date": "2024-10-09T03:51:54Z",
      "unfree": false,
      "version": "1.2.0",
      "outputs_to_install": [
        "out"
      ],
      "outputs": {
        "out": "/nix/store/7agr8fm9lxpwfa3dwy38ic4lv4y0kb0a-oras-1.2.0"
      },
      "system": "x86_64-darwin",
      "group": "toplevel",
      "priority": 5
    },
    {
      "attr_path": "oras",
      "broken": false,
      "derivation": "/nix/store/wbgag4iqs9wmr153bnkfjrpqazcpgjid-oras-1.2.0.drv",
      "description": "ORAS project provides a way to push and pull OCI Artifacts to and from OCI Registries",
      "install_id": "oras",
      "license": "Apache-2.0",
      "locked_url": "https://github.com/flox/nixpkgs?rev=c31898adf5a8ed202ce5bea9f347b1c6871f32d1",
      "name": "oras-1.2.0",
      "pname": "oras",
      "rev": "c31898adf5a8ed202ce5bea9f347b1c6871f32d1",
      "rev_count": 689866,
      "rev_date": "2024-10-06T19:07:05Z",
      "scrape_date": "2024-10-09T03:51:54Z",
      "unfree": false,
      "version": "1.2.0",
      "outputs_to_install": [
        "out"
      ],
      "outputs": {
        "out": "/nix/store/d53f84sm14mpvn7fwxvxsr4pbcs7361a-oras-1.2.0"
      },
      "system": "x86_64-linux",
      "group": "toplevel",
      "priority": 5
    }
  ]
}